// !$*UTF8*$!
{
	archiveVersion = 1;
	classes = {
	};
	objectVersion = 46;
	objects = {

/* Begin PBXBuildFile section */
		60B425421F64D7E600BEE84C /* main.cpp in Sources */ = {isa = PBXBuildFile; fileRef = 60B425411F64D7E600BEE84C /* main.cpp */; };
		60B4254A1F64D7F800BEE84C /* OpenGL.framework in Frameworks */ = {isa = PBXBuildFile; fileRef = 60B425491F64D7F800BEE84C /* OpenGL.framework */; };
		60B4254C1F64D88700BEE84C /* libassimp.3.3.1.dylib in Frameworks */ = {isa = PBXBuildFile; fileRef = 60B4254B1F64D88700BEE84C /* libassimp.3.3.1.dylib */; };
		60B4254E1F64D8AB00BEE84C /* libglfw.3.2.dylib in Frameworks */ = {isa = PBXBuildFile; fileRef = 60B4254D1F64D8AB00BEE84C /* libglfw.3.2.dylib */; };
		60B425501F64D8B600BEE84C /* libGLEW.2.0.0.dylib in Frameworks */ = {isa = PBXBuildFile; fileRef = 60B4254F1F64D8B600BEE84C /* libGLEW.2.0.0.dylib */; };
/* End PBXBuildFile section */

/* Begin PBXCopyFilesBuildPhase section */
		60B4253C1F64D7E600BEE84C /* CopyFiles */ = {
			isa = PBXCopyFilesBuildPhase;
			buildActionMask = 2147483647;
			dstPath = /usr/share/man/man1/;
			dstSubfolderSpec = 0;
			files = (
			);
			runOnlyForDeploymentPostprocessing = 1;
		};
/* End PBXCopyFilesBuildPhase section */

/* Begin PBXFileReference section */
		60B4253E1F64D7E600BEE84C /* vania-OpenGL */ = {isa = PBXFileReference; explicitFileType = "compiled.mach-o.executable"; includeInIndex = 0; path = "vania-OpenGL"; sourceTree = BUILT_PRODUCTS_DIR; };
		60B425411F64D7E600BEE84C /* main.cpp */ = {isa = PBXFileReference; lastKnownFileType = sourcecode.cpp.cpp; path = main.cpp; sourceTree = "<group>"; };
		60B425491F64D7F800BEE84C /* OpenGL.framework */ = {isa = PBXFileReference; lastKnownFileType = wrapper.framework; name = OpenGL.framework; path = System/Library/Frameworks/OpenGL.framework; sourceTree = SDKROOT; };
		60B4254B1F64D88700BEE84C /* libassimp.3.3.1.dylib */ = {isa = PBXFileReference; lastKnownFileType = "compiled.mach-o.dylib"; name = libassimp.3.3.1.dylib; path = ../../../../../usr/local/Cellar/assimp/3.3.1/lib/libassimp.3.3.1.dylib; sourceTree = "<group>"; };
		60B4254D1F64D8AB00BEE84C /* libglfw.3.2.dylib */ = {isa = PBXFileReference; lastKnownFileType = "compiled.mach-o.dylib"; name = libglfw.3.2.dylib; path = ../../../../../usr/local/Cellar/glfw/3.2.1/lib/libglfw.3.2.dylib; sourceTree = "<group>"; };
		60B4254F1F64D8B600BEE84C /* libGLEW.2.0.0.dylib */ = {isa = PBXFileReference; lastKnownFileType = "compiled.mach-o.dylib"; name = libGLEW.2.0.0.dylib; path = ../../../../../usr/local/Cellar/glew/2.0.0/lib/libGLEW.2.0.0.dylib; sourceTree = "<group>"; };
/* End PBXFileReference section */

/* Begin PBXFrameworksBuildPhase section */
		60B4253B1F64D7E600BEE84C /* Frameworks */ = {
			isa = PBXFrameworksBuildPhase;
			buildActionMask = 2147483647;
			files = (
				60B4254A1F64D7F800BEE84C /* OpenGL.framework in Frameworks */,
				60B4254E1F64D8AB00BEE84C /* libglfw.3.2.dylib in Frameworks */,
				60B425501F64D8B600BEE84C /* libGLEW.2.0.0.dylib in Frameworks */,
				60B4254C1F64D88700BEE84C /* libassimp.3.3.1.dylib in Frameworks */,
			);
			runOnlyForDeploymentPostprocessing = 0;
		};
/* End PBXFrameworksBuildPhase section */

/* Begin PBXGroup section */
		60B425351F64D7E600BEE84C = {
			isa = PBXGroup;
			children = (
				60B425401F64D7E600BEE84C /* vania-OpenGL */,
				60B4253F1F64D7E600BEE84C /* Products */,
				60B425481F64D7F700BEE84C /* Frameworks */,
			);
			sourceTree = "<group>";
		};
		60B4253F1F64D7E600BEE84C /* Products */ = {
			isa = PBXGroup;
			children = (
				60B4253E1F64D7E600BEE84C /* vania-OpenGL */,
			);
			name = Products;
			sourceTree = "<group>";
		};
		60B425401F64D7E600BEE84C /* vania-OpenGL */ = {
			isa = PBXGroup;
			children = (
				60B425411F64D7E600BEE84C /* main.cpp */,
			);
			path = "vania-OpenGL";
			sourceTree = "<group>";
		};
		60B425481F64D7F700BEE84C /* Frameworks */ = {
			isa = PBXGroup;
			children = (
				60B4254F1F64D8B600BEE84C /* libGLEW.2.0.0.dylib */,
				60B4254D1F64D8AB00BEE84C /* libglfw.3.2.dylib */,
				60B4254B1F64D88700BEE84C /* libassimp.3.3.1.dylib */,
				60B425491F64D7F800BEE84C /* OpenGL.framework */,
			);
			name = Frameworks;
			sourceTree = "<group>";
		};
/* End PBXGroup section */

/* Begin PBXNativeTarget section */
		60B4253D1F64D7E600BEE84C /* vania-OpenGL */ = {
			isa = PBXNativeTarget;
			buildConfigurationList = 60B425451F64D7E600BEE84C /* Build configuration list for PBXNativeTarget "vania-OpenGL" */;
			buildPhases = (
				60B4253A1F64D7E600BEE84C /* Sources */,
				60B4253B1F64D7E600BEE84C /* Frameworks */,
				60B4253C1F64D7E600BEE84C /* CopyFiles */,
			);
			buildRules = (
			);
			dependencies = (
			);
			name = "vania-OpenGL";
			productName = "vania-OpenGL";
			productReference = 60B4253E1F64D7E600BEE84C /* vania-OpenGL */;
			productType = "com.apple.product-type.tool";
		};
/* End PBXNativeTarget section */

/* Begin PBXProject section */
		60B425361F64D7E600BEE84C /* Project object */ = {
			isa = PBXProject;
			attributes = {
				LastUpgradeCheck = 0830;
				ORGANIZATIONNAME = haijian;
				TargetAttributes = {
					60B4253D1F64D7E600BEE84C = {
						CreatedOnToolsVersion = 8.3.3;
						DevelopmentTeam = 4M5A36G82A;
						ProvisioningStyle = Automatic;
					};
				};
			};
			buildConfigurationList = 60B425391F64D7E600BEE84C /* Build configuration list for PBXProject "vania-OpenGL" */;
			compatibilityVersion = "Xcode 3.2";
			developmentRegion = English;
			hasScannedForEncodings = 0;
			knownRegions = (
				en,
			);
			mainGroup = 60B425351F64D7E600BEE84C;
			productRefGroup = 60B4253F1F64D7E600BEE84C /* Products */;
			projectDirPath = "";
			projectRoot = "";
			targets = (
				60B4253D1F64D7E600BEE84C /* vania-OpenGL */,
			);
		};
/* End PBXProject section */

/* Begin PBXSourcesBuildPhase section */
		60B4253A1F64D7E600BEE84C /* Sources */ = {
			isa = PBXSourcesBuildPhase;
			buildActionMask = 2147483647;
			files = (
				60B425421F64D7E600BEE84C /* main.cpp in Sources */,
			);
			runOnlyForDeploymentPostprocessing = 0;
		};
/* End PBXSourcesBuildPhase section */

/* Begin XCBuildConfiguration section */
		60B425431F64D7E600BEE84C /* Debug */ = {
			isa = XCBuildConfiguration;
			buildSettings = {
				ALWAYS_SEARCH_USER_PATHS = NO;
				CLANG_ANALYZER_NONNULL = YES;
				CLANG_ANALYZER_NUMBER_OBJECT_CONVERSION = YES_AGGRESSIVE;
				CLANG_CXX_LANGUAGE_STANDARD = "gnu++0x";
				CLANG_CXX_LIBRARY = "libc++";
				CLANG_ENABLE_MODULES = YES;
				CLANG_ENABLE_OBJC_ARC = YES;
				CLANG_WARN_BOOL_CONVERSION = YES;
				CLANG_WARN_CONSTANT_CONVERSION = YES;
				CLANG_WARN_DIRECT_OBJC_ISA_USAGE = YES_ERROR;
				CLANG_WARN_DOCUMENTATION_COMMENTS = YES;
				CLANG_WARN_EMPTY_BODY = YES;
				CLANG_WARN_ENUM_CONVERSION = YES;
				CLANG_WARN_INFINITE_RECURSION = YES;
				CLANG_WARN_INT_CONVERSION = YES;
				CLANG_WARN_OBJC_ROOT_CLASS = YES_ERROR;
				CLANG_WARN_SUSPICIOUS_MOVE = YES;
				CLANG_WARN_UNREACHABLE_CODE = YES;
				CLANG_WARN__DUPLICATE_METHOD_MATCH = YES;
				CODE_SIGN_IDENTITY = "-";
				COPY_PHASE_STRIP = NO;
				DEBUG_INFORMATION_FORMAT = dwarf;
				ENABLE_STRICT_OBJC_MSGSEND = YES;
				ENABLE_TESTABILITY = YES;
				GCC_C_LANGUAGE_STANDARD = gnu99;
				GCC_DYNAMIC_NO_PIC = NO;
				GCC_NO_COMMON_BLOCKS = YES;
				GCC_OPTIMIZATION_LEVEL = 0;
				GCC_PREPROCESSOR_DEFINITIONS = (
					"DEBUG=1",
					"$(inherited)",
				);
				GCC_WARN_64_TO_32_BIT_CONVERSION = YES;
				GCC_WARN_ABOUT_RETURN_TYPE = YES_ERROR;
				GCC_WARN_UNDECLARED_SELECTOR = YES;
				GCC_WARN_UNINITIALIZED_AUTOS = YES_AGGRESSIVE;
				GCC_WARN_UNUSED_FUNCTION = YES;
				GCC_WARN_UNUSED_VARIABLE = YES;
				MACOSX_DEPLOYMENT_TARGET = 10.12;
				MTL_ENABLE_DEBUG_INFO = YES;
				ONLY_ACTIVE_ARCH = YES;
				SDKROOT = macosx;
			};
			name = Debug;
		};
		60B425441F64D7E600BEE84C /* Release */ = {
			isa = XCBuildConfiguration;
			buildSettings = {
				ALWAYS_SEARCH_USER_PATHS = NO;
				CLANG_ANALYZER_NONNULL = YES;
				CLANG_ANALYZER_NUMBER_OBJECT_CONVERSION = YES_AGGRESSIVE;
				CLANG_CXX_LANGUAGE_STANDARD = "gnu++0x";
				CLANG_CXX_LIBRARY = "libc++";
				CLANG_ENABLE_MODULES = YES;
				CLANG_ENABLE_OBJC_ARC = YES;
				CLANG_WARN_BOOL_CONVERSION = YES;
				CLANG_WARN_CONSTANT_CONVERSION = YES;
				CLANG_WARN_DIRECT_OBJC_ISA_USAGE = YES_ERROR;
				CLANG_WARN_DOCUMENTATION_COMMENTS = YES;
				CLANG_WARN_EMPTY_BODY = YES;
				CLANG_WARN_ENUM_CONVERSION = YES;
				CLANG_WARN_INFINITE_RECURSION = YES;
				CLANG_WARN_INT_CONVERSION = YES;
				CLANG_WARN_OBJC_ROOT_CLASS = YES_ERROR;
				CLANG_WARN_SUSPICIOUS_MOVE = YES;
				CLANG_WARN_UNREACHABLE_CODE = YES;
				CLANG_WARN__DUPLICATE_METHOD_MATCH = YES;
				CODE_SIGN_IDENTITY = "-";
				COPY_PHASE_STRIP = NO;
				DEBUG_INFORMATION_FORMAT = "dwarf-with-dsym";
				ENABLE_NS_ASSERTIONS = NO;
				ENABLE_STRICT_OBJC_MSGSEND = YES;
				GCC_C_LANGUAGE_STANDARD = gnu99;
				GCC_NO_COMMON_BLOCKS = YES;
				GCC_WARN_64_TO_32_BIT_CONVERSION = YES;
				GCC_WARN_ABOUT_RETURN_TYPE = YES_ERROR;
				GCC_WARN_UNDECLARED_SELECTOR = YES;
				GCC_WARN_UNINITIALIZED_AUTOS = YES_AGGRESSIVE;
				GCC_WARN_UNUSED_FUNCTION = YES;
				GCC_WARN_UNUSED_VARIABLE = YES;
				MACOSX_DEPLOYMENT_TARGET = 10.12;
				MTL_ENABLE_DEBUG_INFO = NO;
				SDKROOT = macosx;
			};
			name = Release;
		};
		60B425461F64D7E600BEE84C /* Debug */ = {
			isa = XCBuildConfiguration;
			buildSettings = {
				DEVELOPMENT_TEAM = 4M5A36G82A;
				LIBRARY_SEARCH_PATHS = (
					"$(inherited)",
					/usr/local/Cellar/assimp/3.3.1/lib,
					/usr/local/Cellar/glfw/3.2.1/lib,
					/usr/local/Cellar/glew/2.0.0/lib,
				);
				PRODUCT_NAME = "$(TARGET_NAME)";
			};
			name = Debug;
		};
		60B425471F64D7E600BEE84C /* Release */ = {
			isa = XCBuildConfiguration;
			buildSettings = {
				DEVELOPMENT_TEAM = 4M5A36G82A;
				LIBRARY_SEARCH_PATHS = (
					"$(inherited)",
					/usr/local/Cellar/assimp/3.3.1/lib,
					/usr/local/Cellar/glfw/3.2.1/lib,
					/usr/local/Cellar/glew/2.0.0/lib,
				);
				PRODUCT_NAME = "$(TARGET_NAME)";
			};
			name = Release;
		};
/* End XCBuildConfiguration section */

/* Begin XCConfigurationList section */
		60B425391F64D7E600BEE84C /* Build configuration list for PBXProject "vania-OpenGL" */ = {
			isa = XCConfigurationList;
			buildConfigurations = (
				60B425431F64D7E600BEE84C /* Debug */,
				60B425441F64D7E600BEE84C /* Release */,
			);
			defaultConfigurationIsVisible = 0;
			defaultConfigurationName = Release;
		};
		60B425451F64D7E600BEE84C /* Build configuration list for PBXNativeTarget "vania-OpenGL" */ = {
			isa = XCConfigurationList;
			buildConfigurations = (
				60B425461F64D7E600BEE84C /* Debug */,
				60B425471F64D7E600BEE84C /* Release */,
			);
			defaultConfigurationIsVisible = 0;
		};
/* End XCConfigurationList section */
	};
	rootObject = 60B425361F64D7E600BEE84C /* Project object */;
}
