// !$*UTF8*$!
{
	archiveVersion = 1;
	classes = {
	};
	objectVersion = 46;
	objects = {

/* Begin PBXBuildFile section */
		603942D41F764B9F004B3336 /* libirrklang.dylib in Frameworks */ = {isa = PBXBuildFile; fileRef = 603942D31F764B9F004B3336 /* libirrklang.dylib */; };
		603942D71F764CCE004B3336 /* Audio.cpp in Sources */ = {isa = PBXBuildFile; fileRef = 603942D51F764CCE004B3336 /* Audio.cpp */; };
		603943091F77879B004B3336 /* GameObject.cpp in Sources */ = {isa = PBXBuildFile; fileRef = 603943071F77879B004B3336 /* GameObject.cpp */; };
		6039430C1F7787B8004B3336 /* TiledMap.cpp in Sources */ = {isa = PBXBuildFile; fileRef = 6039430A1F7787B8004B3336 /* TiledMap.cpp */; };
		6039430F1F778831004B3336 /* Scene03.cpp in Sources */ = {isa = PBXBuildFile; fileRef = 6039430D1F778831004B3336 /* Scene03.cpp */; };
		603943381F7794E9004B3336 /* Scene04.cpp in Sources */ = {isa = PBXBuildFile; fileRef = 603943101F7794E9004B3336 /* Scene04.cpp */; };
		603943391F7794E9004B3336 /* Scene05.cpp in Sources */ = {isa = PBXBuildFile; fileRef = 603943121F7794E9004B3336 /* Scene05.cpp */; };
		6039433A1F7794E9004B3336 /* Scene06.cpp in Sources */ = {isa = PBXBuildFile; fileRef = 603943141F7794E9004B3336 /* Scene06.cpp */; };
		6039433B1F7794E9004B3336 /* Scene07.cpp in Sources */ = {isa = PBXBuildFile; fileRef = 603943161F7794E9004B3336 /* Scene07.cpp */; };
		6039433C1F7794E9004B3336 /* Scene08.cpp in Sources */ = {isa = PBXBuildFile; fileRef = 603943181F7794E9004B3336 /* Scene08.cpp */; };
		6039433D1F7794E9004B3336 /* Scene09.cpp in Sources */ = {isa = PBXBuildFile; fileRef = 6039431A1F7794E9004B3336 /* Scene09.cpp */; };
		6039433E1F7794E9004B3336 /* Scene10.cpp in Sources */ = {isa = PBXBuildFile; fileRef = 6039431C1F7794E9004B3336 /* Scene10.cpp */; };
		6039433F1F7794E9004B3336 /* Scene11.cpp in Sources */ = {isa = PBXBuildFile; fileRef = 6039431E1F7794E9004B3336 /* Scene11.cpp */; };
		603943401F7794E9004B3336 /* Scene12.cpp in Sources */ = {isa = PBXBuildFile; fileRef = 603943201F7794E9004B3336 /* Scene12.cpp */; };
		603943411F7794E9004B3336 /* Scene13.cpp in Sources */ = {isa = PBXBuildFile; fileRef = 603943221F7794E9004B3336 /* Scene13.cpp */; };
		603943421F7794E9004B3336 /* Scene14.cpp in Sources */ = {isa = PBXBuildFile; fileRef = 603943241F7794E9004B3336 /* Scene14.cpp */; };
		603943431F7794E9004B3336 /* Scene15.cpp in Sources */ = {isa = PBXBuildFile; fileRef = 603943261F7794E9004B3336 /* Scene15.cpp */; };
		603943441F7794E9004B3336 /* Scene16.cpp in Sources */ = {isa = PBXBuildFile; fileRef = 603943281F7794E9004B3336 /* Scene16.cpp */; };
		603943451F7794E9004B3336 /* Scene17.cpp in Sources */ = {isa = PBXBuildFile; fileRef = 6039432A1F7794E9004B3336 /* Scene17.cpp */; };
		603943461F7794E9004B3336 /* Scene18.cpp in Sources */ = {isa = PBXBuildFile; fileRef = 6039432C1F7794E9004B3336 /* Scene18.cpp */; };
		603943471F7794E9004B3336 /* Scene19.cpp in Sources */ = {isa = PBXBuildFile; fileRef = 6039432E1F7794E9004B3336 /* Scene19.cpp */; };
		603943481F7794E9004B3336 /* Scene20.cpp in Sources */ = {isa = PBXBuildFile; fileRef = 603943301F7794E9004B3336 /* Scene20.cpp */; };
		603943491F7794E9004B3336 /* Scene21.cpp in Sources */ = {isa = PBXBuildFile; fileRef = 603943321F7794E9004B3336 /* Scene21.cpp */; };
		6039434A1F7794E9004B3336 /* Scene22.cpp in Sources */ = {isa = PBXBuildFile; fileRef = 603943341F7794E9004B3336 /* Scene22.cpp */; };
		6039434B1F7794E9004B3336 /* Scene23.cpp in Sources */ = {isa = PBXBuildFile; fileRef = 603943361F7794E9004B3336 /* Scene23.cpp */; };
		6039434E1F77B62E004B3336 /* Flyer.cpp in Sources */ = {isa = PBXBuildFile; fileRef = 6039434C1F77B62E004B3336 /* Flyer.cpp */; };
		603943511F77BEA7004B3336 /* Jumper.cpp in Sources */ = {isa = PBXBuildFile; fileRef = 6039434F1F77BEA7004B3336 /* Jumper.cpp */; };
		603943541F77C3FB004B3336 /* Ghost.cpp in Sources */ = {isa = PBXBuildFile; fileRef = 603943521F77C3FB004B3336 /* Ghost.cpp */; };
		603C30981F6BDEB700E91948 /* BoxCollider.cpp in Sources */ = {isa = PBXBuildFile; fileRef = 603C30961F6BDEB700E91948 /* BoxCollider.cpp */; };
		603C309C1F6BF91500E91948 /* Scene.cpp in Sources */ = {isa = PBXBuildFile; fileRef = 603C309A1F6BF91500E91948 /* Scene.cpp */; };
		604677D51F71F6A000EE35F9 /* Bullet.cpp in Sources */ = {isa = PBXBuildFile; fileRef = 604677D31F71F6A000EE35F9 /* Bullet.cpp */; };
		604677D81F71FDF800EE35F9 /* OffsetObject.cpp in Sources */ = {isa = PBXBuildFile; fileRef = 604677D61F71FDF800EE35F9 /* OffsetObject.cpp */; };
		604677DB1F72057700EE35F9 /* Particle.cpp in Sources */ = {isa = PBXBuildFile; fileRef = 604677D91F72057700EE35F9 /* Particle.cpp */; };
		604677DE1F72059900EE35F9 /* ParticleSystem.cpp in Sources */ = {isa = PBXBuildFile; fileRef = 604677DC1F72059900EE35F9 /* ParticleSystem.cpp */; };
		604677E11F721C8400EE35F9 /* Crab.cpp in Sources */ = {isa = PBXBuildFile; fileRef = 604677DF1F721C8400EE35F9 /* Crab.cpp */; };
		604677E41F722B7500EE35F9 /* Orb.cpp in Sources */ = {isa = PBXBuildFile; fileRef = 604677E21F722B7500EE35F9 /* Orb.cpp */; };
		604677E71F7235E600EE35F9 /* AnimationObject.cpp in Sources */ = {isa = PBXBuildFile; fileRef = 604677E51F7235E600EE35F9 /* AnimationObject.cpp */; };
		604677EA1F73473C00EE35F9 /* AIObject.cpp in Sources */ = {isa = PBXBuildFile; fileRef = 604677E81F73473C00EE35F9 /* AIObject.cpp */; };
		604677ED1F73493700EE35F9 /* Block.cpp in Sources */ = {isa = PBXBuildFile; fileRef = 604677EB1F73493700EE35F9 /* Block.cpp */; };
		604677F01F73513B00EE35F9 /* UIObject.cpp in Sources */ = {isa = PBXBuildFile; fileRef = 604677EE1F73513B00EE35F9 /* UIObject.cpp */; };
		604677F31F73AB2300EE35F9 /* Score.cpp in Sources */ = {isa = PBXBuildFile; fileRef = 604677F11F73AB2300EE35F9 /* Score.cpp */; };
		604677F61F73DE9600EE35F9 /* Scene02.cpp in Sources */ = {isa = PBXBuildFile; fileRef = 604677F41F73DE9600EE35F9 /* Scene02.cpp */; };
		604677F91F73DEAA00EE35F9 /* Scene01.cpp in Sources */ = {isa = PBXBuildFile; fileRef = 604677F71F73DEAA00EE35F9 /* Scene01.cpp */; };
		604677FC1F73E66300EE35F9 /* CheckPoint.cpp in Sources */ = {isa = PBXBuildFile; fileRef = 604677FA1F73E66300EE35F9 /* CheckPoint.cpp */; };
		604677FF1F74A3DD00EE35F9 /* SceneGameOver.cpp in Sources */ = {isa = PBXBuildFile; fileRef = 604677FD1F74A3DD00EE35F9 /* SceneGameOver.cpp */; };
		604678021F74C02C00EE35F9 /* SceneTitle.cpp in Sources */ = {isa = PBXBuildFile; fileRef = 604678001F74C02C00EE35F9 /* SceneTitle.cpp */; };
		607DB6E71F6D2AA40052786F /* TileObject.cpp in Sources */ = {isa = PBXBuildFile; fileRef = 607DB6E51F6D2AA40052786F /* TileObject.cpp */; };
		607DB6EA1F6E02D90052786F /* Status.cpp in Sources */ = {isa = PBXBuildFile; fileRef = 607DB6E81F6E02D90052786F /* Status.cpp */; };
		607DB6ED1F6E08350052786F /* ColliderObject.cpp in Sources */ = {isa = PBXBuildFile; fileRef = 607DB6EB1F6E08350052786F /* ColliderObject.cpp */; };
		60AAF12D1F6F3C1A00AE8050 /* NoneObject.cpp in Sources */ = {isa = PBXBuildFile; fileRef = 60AAF12B1F6F3C1A00AE8050 /* NoneObject.cpp */; };
		60AAF1301F6F78E600AE8050 /* Scene00.cpp in Sources */ = {isa = PBXBuildFile; fileRef = 60AAF12E1F6F78E600AE8050 /* Scene00.cpp */; };
		60AAF1331F6F79CA00AE8050 /* SceneManager.cpp in Sources */ = {isa = PBXBuildFile; fileRef = 60AAF1311F6F79CA00AE8050 /* SceneManager.cpp */; };
		60AAF1361F6FF2A000AE8050 /* Game.cpp in Sources */ = {isa = PBXBuildFile; fileRef = 60AAF1341F6FF2A000AE8050 /* Game.cpp */; };
		60B425421F64D7E600BEE84C /* main.cpp in Sources */ = {isa = PBXBuildFile; fileRef = 60B425411F64D7E600BEE84C /* main.cpp */; };
		60B4254A1F64D7F800BEE84C /* OpenGL.framework in Frameworks */ = {isa = PBXBuildFile; fileRef = 60B425491F64D7F800BEE84C /* OpenGL.framework */; };
		60B4254C1F64D88700BEE84C /* libassimp.3.3.1.dylib in Frameworks */ = {isa = PBXBuildFile; fileRef = 60B4254B1F64D88700BEE84C /* libassimp.3.3.1.dylib */; };
		60B4254E1F64D8AB00BEE84C /* libglfw.3.2.dylib in Frameworks */ = {isa = PBXBuildFile; fileRef = 60B4254D1F64D8AB00BEE84C /* libglfw.3.2.dylib */; };
		60B425501F64D8B600BEE84C /* libGLEW.2.0.0.dylib in Frameworks */ = {isa = PBXBuildFile; fileRef = 60B4254F1F64D8B600BEE84C /* libGLEW.2.0.0.dylib */; };
		60B425531F64DC8B00BEE84C /* Engine.cpp in Sources */ = {isa = PBXBuildFile; fileRef = 60B425511F64DC8B00BEE84C /* Engine.cpp */; };
		60E00ADE1F6A1166003CCA29 /* Player.cpp in Sources */ = {isa = PBXBuildFile; fileRef = 60E00ADC1F6A1166003CCA29 /* Player.cpp */; };
		60E00AE11F6A5AB1003CCA29 /* Input.cpp in Sources */ = {isa = PBXBuildFile; fileRef = 60E00ADF1F6A5AB1003CCA29 /* Input.cpp */; };
		60EC246D1F68CA30006BFDA6 /* Timer.cpp in Sources */ = {isa = PBXBuildFile; fileRef = 60EC246B1F68CA30006BFDA6 /* Timer.cpp */; };
		60EC24701F68CF44006BFDA6 /* Resources.cpp in Sources */ = {isa = PBXBuildFile; fileRef = 60EC246E1F68CF44006BFDA6 /* Resources.cpp */; };
		60EC24731F690204006BFDA6 /* RenderPass.cpp in Sources */ = {isa = PBXBuildFile; fileRef = 60EC24711F690204006BFDA6 /* RenderPass.cpp */; };
		60EE18BD1F6616BC000C6F0D /* Camera.cpp in Sources */ = {isa = PBXBuildFile; fileRef = 60EE18BB1F6616BC000C6F0D /* Camera.cpp */; };
		60EE18CC1F6657E8000C6F0D /* Transform.cpp in Sources */ = {isa = PBXBuildFile; fileRef = 60EE18CA1F6657E8000C6F0D /* Transform.cpp */; };
		60F0259E1F64E3AC0022EC73 /* Window.cpp in Sources */ = {isa = PBXBuildFile; fileRef = 60F0259C1F64E3AC0022EC73 /* Window.cpp */; };
		60F025A11F64E7A70022EC73 /* Shader.cpp in Sources */ = {isa = PBXBuildFile; fileRef = 60F0259F1F64E7A70022EC73 /* Shader.cpp */; };
		60F2A7D31F67B4480068C4E7 /* Quad.cpp in Sources */ = {isa = PBXBuildFile; fileRef = 60F2A7D11F67B4480068C4E7 /* Quad.cpp */; };
		60F2A7D61F67C2050068C4E7 /* Sprite.cpp in Sources */ = {isa = PBXBuildFile; fileRef = 60F2A7D41F67C2050068C4E7 /* Sprite.cpp */; };
		60F2A7D91F67C4C80068C4E7 /* Texture.cpp in Sources */ = {isa = PBXBuildFile; fileRef = 60F2A7D71F67C4C80068C4E7 /* Texture.cpp */; };
		60F6A3E91F6AC68A005595B2 /* Animation.cpp in Sources */ = {isa = PBXBuildFile; fileRef = 60F6A3E71F6AC68A005595B2 /* Animation.cpp */; };
/* End PBXBuildFile section */

/* Begin PBXCopyFilesBuildPhase section */
		60B4253C1F64D7E600BEE84C /* CopyFiles */ = {
			isa = PBXCopyFilesBuildPhase;
			buildActionMask = 2147483647;
			dstPath = /usr/share/man/man1/;
			dstSubfolderSpec = 0;
			files = (
			);
			runOnlyForDeploymentPostprocessing = 1;
		};
/* End PBXCopyFilesBuildPhase section */

/* Begin PBXFileReference section */
		603942D31F764B9F004B3336 /* libirrklang.dylib */ = {isa = PBXFileReference; lastKnownFileType = "compiled.mach-o.dylib"; name = libirrklang.dylib; path = "vania-OpenGL/Libraries/irrKlang/lib/libirrklang.dylib"; sourceTree = "<group>"; };
		603942D51F764CCE004B3336 /* Audio.cpp */ = {isa = PBXFileReference; fileEncoding = 4; lastKnownFileType = sourcecode.cpp.cpp; name = Audio.cpp; path = Engine/Audio.cpp; sourceTree = "<group>"; };
		603942D61F764CCE004B3336 /* Audio.hpp */ = {isa = PBXFileReference; fileEncoding = 4; lastKnownFileType = sourcecode.cpp.h; name = Audio.hpp; path = Engine/Audio.hpp; sourceTree = "<group>"; };
		603943071F77879B004B3336 /* GameObject.cpp */ = {isa = PBXFileReference; fileEncoding = 4; lastKnownFileType = sourcecode.cpp.cpp; name = GameObject.cpp; path = GameObjects/GameObject.cpp; sourceTree = "<group>"; };
		603943081F77879B004B3336 /* GameObject.hpp */ = {isa = PBXFileReference; fileEncoding = 4; lastKnownFileType = sourcecode.cpp.h; name = GameObject.hpp; path = GameObjects/GameObject.hpp; sourceTree = "<group>"; };
		6039430A1F7787B8004B3336 /* TiledMap.cpp */ = {isa = PBXFileReference; fileEncoding = 4; lastKnownFileType = sourcecode.cpp.cpp; name = TiledMap.cpp; path = Scene/TiledMap.cpp; sourceTree = "<group>"; };
		6039430B1F7787B8004B3336 /* TiledMap.hpp */ = {isa = PBXFileReference; fileEncoding = 4; lastKnownFileType = sourcecode.cpp.h; name = TiledMap.hpp; path = Scene/TiledMap.hpp; sourceTree = "<group>"; };
		6039430D1F778831004B3336 /* Scene03.cpp */ = {isa = PBXFileReference; fileEncoding = 4; lastKnownFileType = sourcecode.cpp.cpp; name = Scene03.cpp; path = Scene/Scene03.cpp; sourceTree = "<group>"; };
		6039430E1F778831004B3336 /* Scene03.hpp */ = {isa = PBXFileReference; fileEncoding = 4; lastKnownFileType = sourcecode.cpp.h; name = Scene03.hpp; path = Scene/Scene03.hpp; sourceTree = "<group>"; };
		603943101F7794E9004B3336 /* Scene04.cpp */ = {isa = PBXFileReference; fileEncoding = 4; lastKnownFileType = sourcecode.cpp.cpp; name = Scene04.cpp; path = Scene/Scene04.cpp; sourceTree = "<group>"; };
		603943111F7794E9004B3336 /* Scene04.hpp */ = {isa = PBXFileReference; fileEncoding = 4; lastKnownFileType = sourcecode.cpp.h; name = Scene04.hpp; path = Scene/Scene04.hpp; sourceTree = "<group>"; };
		603943121F7794E9004B3336 /* Scene05.cpp */ = {isa = PBXFileReference; fileEncoding = 4; lastKnownFileType = sourcecode.cpp.cpp; name = Scene05.cpp; path = Scene/Scene05.cpp; sourceTree = "<group>"; };
		603943131F7794E9004B3336 /* Scene05.hpp */ = {isa = PBXFileReference; fileEncoding = 4; lastKnownFileType = sourcecode.cpp.h; name = Scene05.hpp; path = Scene/Scene05.hpp; sourceTree = "<group>"; };
		603943141F7794E9004B3336 /* Scene06.cpp */ = {isa = PBXFileReference; fileEncoding = 4; lastKnownFileType = sourcecode.cpp.cpp; name = Scene06.cpp; path = Scene/Scene06.cpp; sourceTree = "<group>"; };
		603943151F7794E9004B3336 /* Scene06.hpp */ = {isa = PBXFileReference; fileEncoding = 4; lastKnownFileType = sourcecode.cpp.h; name = Scene06.hpp; path = Scene/Scene06.hpp; sourceTree = "<group>"; };
		603943161F7794E9004B3336 /* Scene07.cpp */ = {isa = PBXFileReference; fileEncoding = 4; lastKnownFileType = sourcecode.cpp.cpp; name = Scene07.cpp; path = Scene/Scene07.cpp; sourceTree = "<group>"; };
		603943171F7794E9004B3336 /* Scene07.hpp */ = {isa = PBXFileReference; fileEncoding = 4; lastKnownFileType = sourcecode.cpp.h; name = Scene07.hpp; path = Scene/Scene07.hpp; sourceTree = "<group>"; };
		603943181F7794E9004B3336 /* Scene08.cpp */ = {isa = PBXFileReference; fileEncoding = 4; lastKnownFileType = sourcecode.cpp.cpp; name = Scene08.cpp; path = Scene/Scene08.cpp; sourceTree = "<group>"; };
		603943191F7794E9004B3336 /* Scene08.hpp */ = {isa = PBXFileReference; fileEncoding = 4; lastKnownFileType = sourcecode.cpp.h; name = Scene08.hpp; path = Scene/Scene08.hpp; sourceTree = "<group>"; };
		6039431A1F7794E9004B3336 /* Scene09.cpp */ = {isa = PBXFileReference; fileEncoding = 4; lastKnownFileType = sourcecode.cpp.cpp; name = Scene09.cpp; path = Scene/Scene09.cpp; sourceTree = "<group>"; };
		6039431B1F7794E9004B3336 /* Scene09.hpp */ = {isa = PBXFileReference; fileEncoding = 4; lastKnownFileType = sourcecode.cpp.h; name = Scene09.hpp; path = Scene/Scene09.hpp; sourceTree = "<group>"; };
		6039431C1F7794E9004B3336 /* Scene10.cpp */ = {isa = PBXFileReference; fileEncoding = 4; lastKnownFileType = sourcecode.cpp.cpp; name = Scene10.cpp; path = Scene/Scene10.cpp; sourceTree = "<group>"; };
		6039431D1F7794E9004B3336 /* Scene10.hpp */ = {isa = PBXFileReference; fileEncoding = 4; lastKnownFileType = sourcecode.cpp.h; name = Scene10.hpp; path = Scene/Scene10.hpp; sourceTree = "<group>"; };
		6039431E1F7794E9004B3336 /* Scene11.cpp */ = {isa = PBXFileReference; fileEncoding = 4; lastKnownFileType = sourcecode.cpp.cpp; name = Scene11.cpp; path = Scene/Scene11.cpp; sourceTree = "<group>"; };
		6039431F1F7794E9004B3336 /* Scene11.hpp */ = {isa = PBXFileReference; fileEncoding = 4; lastKnownFileType = sourcecode.cpp.h; name = Scene11.hpp; path = Scene/Scene11.hpp; sourceTree = "<group>"; };
		603943201F7794E9004B3336 /* Scene12.cpp */ = {isa = PBXFileReference; fileEncoding = 4; lastKnownFileType = sourcecode.cpp.cpp; name = Scene12.cpp; path = Scene/Scene12.cpp; sourceTree = "<group>"; };
		603943211F7794E9004B3336 /* Scene12.hpp */ = {isa = PBXFileReference; fileEncoding = 4; lastKnownFileType = sourcecode.cpp.h; name = Scene12.hpp; path = Scene/Scene12.hpp; sourceTree = "<group>"; };
		603943221F7794E9004B3336 /* Scene13.cpp */ = {isa = PBXFileReference; fileEncoding = 4; lastKnownFileType = sourcecode.cpp.cpp; name = Scene13.cpp; path = Scene/Scene13.cpp; sourceTree = "<group>"; };
		603943231F7794E9004B3336 /* Scene13.hpp */ = {isa = PBXFileReference; fileEncoding = 4; lastKnownFileType = sourcecode.cpp.h; name = Scene13.hpp; path = Scene/Scene13.hpp; sourceTree = "<group>"; };
		603943241F7794E9004B3336 /* Scene14.cpp */ = {isa = PBXFileReference; fileEncoding = 4; lastKnownFileType = sourcecode.cpp.cpp; name = Scene14.cpp; path = Scene/Scene14.cpp; sourceTree = "<group>"; };
		603943251F7794E9004B3336 /* Scene14.hpp */ = {isa = PBXFileReference; fileEncoding = 4; lastKnownFileType = sourcecode.cpp.h; name = Scene14.hpp; path = Scene/Scene14.hpp; sourceTree = "<group>"; };
		603943261F7794E9004B3336 /* Scene15.cpp */ = {isa = PBXFileReference; fileEncoding = 4; lastKnownFileType = sourcecode.cpp.cpp; name = Scene15.cpp; path = Scene/Scene15.cpp; sourceTree = "<group>"; };
		603943271F7794E9004B3336 /* Scene15.hpp */ = {isa = PBXFileReference; fileEncoding = 4; lastKnownFileType = sourcecode.cpp.h; name = Scene15.hpp; path = Scene/Scene15.hpp; sourceTree = "<group>"; };
		603943281F7794E9004B3336 /* Scene16.cpp */ = {isa = PBXFileReference; fileEncoding = 4; lastKnownFileType = sourcecode.cpp.cpp; name = Scene16.cpp; path = Scene/Scene16.cpp; sourceTree = "<group>"; };
		603943291F7794E9004B3336 /* Scene16.hpp */ = {isa = PBXFileReference; fileEncoding = 4; lastKnownFileType = sourcecode.cpp.h; name = Scene16.hpp; path = Scene/Scene16.hpp; sourceTree = "<group>"; };
		6039432A1F7794E9004B3336 /* Scene17.cpp */ = {isa = PBXFileReference; fileEncoding = 4; lastKnownFileType = sourcecode.cpp.cpp; name = Scene17.cpp; path = Scene/Scene17.cpp; sourceTree = "<group>"; };
		6039432B1F7794E9004B3336 /* Scene17.hpp */ = {isa = PBXFileReference; fileEncoding = 4; lastKnownFileType = sourcecode.cpp.h; name = Scene17.hpp; path = Scene/Scene17.hpp; sourceTree = "<group>"; };
		6039432C1F7794E9004B3336 /* Scene18.cpp */ = {isa = PBXFileReference; fileEncoding = 4; lastKnownFileType = sourcecode.cpp.cpp; name = Scene18.cpp; path = Scene/Scene18.cpp; sourceTree = "<group>"; };
		6039432D1F7794E9004B3336 /* Scene18.hpp */ = {isa = PBXFileReference; fileEncoding = 4; lastKnownFileType = sourcecode.cpp.h; name = Scene18.hpp; path = Scene/Scene18.hpp; sourceTree = "<group>"; };
		6039432E1F7794E9004B3336 /* Scene19.cpp */ = {isa = PBXFileReference; fileEncoding = 4; lastKnownFileType = sourcecode.cpp.cpp; name = Scene19.cpp; path = Scene/Scene19.cpp; sourceTree = "<group>"; };
		6039432F1F7794E9004B3336 /* Scene19.hpp */ = {isa = PBXFileReference; fileEncoding = 4; lastKnownFileType = sourcecode.cpp.h; name = Scene19.hpp; path = Scene/Scene19.hpp; sourceTree = "<group>"; };
		603943301F7794E9004B3336 /* Scene20.cpp */ = {isa = PBXFileReference; fileEncoding = 4; lastKnownFileType = sourcecode.cpp.cpp; name = Scene20.cpp; path = Scene/Scene20.cpp; sourceTree = "<group>"; };
		603943311F7794E9004B3336 /* Scene20.hpp */ = {isa = PBXFileReference; fileEncoding = 4; lastKnownFileType = sourcecode.cpp.h; name = Scene20.hpp; path = Scene/Scene20.hpp; sourceTree = "<group>"; };
		603943321F7794E9004B3336 /* Scene21.cpp */ = {isa = PBXFileReference; fileEncoding = 4; lastKnownFileType = sourcecode.cpp.cpp; name = Scene21.cpp; path = Scene/Scene21.cpp; sourceTree = "<group>"; };
		603943331F7794E9004B3336 /* Scene21.hpp */ = {isa = PBXFileReference; fileEncoding = 4; lastKnownFileType = sourcecode.cpp.h; name = Scene21.hpp; path = Scene/Scene21.hpp; sourceTree = "<group>"; };
		603943341F7794E9004B3336 /* Scene22.cpp */ = {isa = PBXFileReference; fileEncoding = 4; lastKnownFileType = sourcecode.cpp.cpp; name = Scene22.cpp; path = Scene/Scene22.cpp; sourceTree = "<group>"; };
		603943351F7794E9004B3336 /* Scene22.hpp */ = {isa = PBXFileReference; fileEncoding = 4; lastKnownFileType = sourcecode.cpp.h; name = Scene22.hpp; path = Scene/Scene22.hpp; sourceTree = "<group>"; };
		603943361F7794E9004B3336 /* Scene23.cpp */ = {isa = PBXFileReference; fileEncoding = 4; lastKnownFileType = sourcecode.cpp.cpp; name = Scene23.cpp; path = Scene/Scene23.cpp; sourceTree = "<group>"; };
		603943371F7794E9004B3336 /* Scene23.hpp */ = {isa = PBXFileReference; fileEncoding = 4; lastKnownFileType = sourcecode.cpp.h; name = Scene23.hpp; path = Scene/Scene23.hpp; sourceTree = "<group>"; };
		6039434C1F77B62E004B3336 /* Flyer.cpp */ = {isa = PBXFileReference; fileEncoding = 4; lastKnownFileType = sourcecode.cpp.cpp; name = Flyer.cpp; path = GameObjects/Flyer.cpp; sourceTree = "<group>"; };
		6039434D1F77B62E004B3336 /* Flyer.hpp */ = {isa = PBXFileReference; fileEncoding = 4; lastKnownFileType = sourcecode.cpp.h; name = Flyer.hpp; path = GameObjects/Flyer.hpp; sourceTree = "<group>"; };
		6039434F1F77BEA7004B3336 /* Jumper.cpp */ = {isa = PBXFileReference; fileEncoding = 4; lastKnownFileType = sourcecode.cpp.cpp; name = Jumper.cpp; path = GameObjects/Jumper.cpp; sourceTree = "<group>"; };
		603943501F77BEA7004B3336 /* Jumper.hpp */ = {isa = PBXFileReference; fileEncoding = 4; lastKnownFileType = sourcecode.cpp.h; name = Jumper.hpp; path = GameObjects/Jumper.hpp; sourceTree = "<group>"; };
		603943521F77C3FB004B3336 /* Ghost.cpp */ = {isa = PBXFileReference; fileEncoding = 4; lastKnownFileType = sourcecode.cpp.cpp; name = Ghost.cpp; path = GameObjects/Ghost.cpp; sourceTree = "<group>"; };
		603943531F77C3FB004B3336 /* Ghost.hpp */ = {isa = PBXFileReference; fileEncoding = 4; lastKnownFileType = sourcecode.cpp.h; name = Ghost.hpp; path = GameObjects/Ghost.hpp; sourceTree = "<group>"; };
		603C30961F6BDEB700E91948 /* BoxCollider.cpp */ = {isa = PBXFileReference; fileEncoding = 4; lastKnownFileType = sourcecode.cpp.cpp; name = BoxCollider.cpp; path = Engine/BoxCollider.cpp; sourceTree = "<group>"; };
		603C30971F6BDEB700E91948 /* BoxCollider.hpp */ = {isa = PBXFileReference; fileEncoding = 4; lastKnownFileType = sourcecode.cpp.h; name = BoxCollider.hpp; path = Engine/BoxCollider.hpp; sourceTree = "<group>"; };
		603C309A1F6BF91500E91948 /* Scene.cpp */ = {isa = PBXFileReference; fileEncoding = 4; lastKnownFileType = sourcecode.cpp.cpp; name = Scene.cpp; path = Scene/Scene.cpp; sourceTree = "<group>"; };
		603C309B1F6BF91500E91948 /* Scene.hpp */ = {isa = PBXFileReference; fileEncoding = 4; lastKnownFileType = sourcecode.cpp.h; name = Scene.hpp; path = Scene/Scene.hpp; sourceTree = "<group>"; };
		604677D31F71F6A000EE35F9 /* Bullet.cpp */ = {isa = PBXFileReference; fileEncoding = 4; lastKnownFileType = sourcecode.cpp.cpp; name = Bullet.cpp; path = GameObjects/Bullet.cpp; sourceTree = "<group>"; };
		604677D41F71F6A000EE35F9 /* Bullet.hpp */ = {isa = PBXFileReference; fileEncoding = 4; lastKnownFileType = sourcecode.cpp.h; name = Bullet.hpp; path = GameObjects/Bullet.hpp; sourceTree = "<group>"; };
		604677D61F71FDF800EE35F9 /* OffsetObject.cpp */ = {isa = PBXFileReference; fileEncoding = 4; lastKnownFileType = sourcecode.cpp.cpp; name = OffsetObject.cpp; path = GameObjects/OffsetObject.cpp; sourceTree = "<group>"; };
		604677D71F71FDF800EE35F9 /* OffsetObject.hpp */ = {isa = PBXFileReference; fileEncoding = 4; lastKnownFileType = sourcecode.cpp.h; name = OffsetObject.hpp; path = GameObjects/OffsetObject.hpp; sourceTree = "<group>"; };
		604677D91F72057700EE35F9 /* Particle.cpp */ = {isa = PBXFileReference; fileEncoding = 4; lastKnownFileType = sourcecode.cpp.cpp; name = Particle.cpp; path = Engine/Particle.cpp; sourceTree = "<group>"; };
		604677DA1F72057700EE35F9 /* Particle.hpp */ = {isa = PBXFileReference; fileEncoding = 4; lastKnownFileType = sourcecode.cpp.h; name = Particle.hpp; path = Engine/Particle.hpp; sourceTree = "<group>"; };
		604677DC1F72059900EE35F9 /* ParticleSystem.cpp */ = {isa = PBXFileReference; fileEncoding = 4; lastKnownFileType = sourcecode.cpp.cpp; name = ParticleSystem.cpp; path = Engine/ParticleSystem.cpp; sourceTree = "<group>"; };
		604677DD1F72059900EE35F9 /* ParticleSystem.hpp */ = {isa = PBXFileReference; fileEncoding = 4; lastKnownFileType = sourcecode.cpp.h; name = ParticleSystem.hpp; path = Engine/ParticleSystem.hpp; sourceTree = "<group>"; };
		604677DF1F721C8400EE35F9 /* Crab.cpp */ = {isa = PBXFileReference; fileEncoding = 4; lastKnownFileType = sourcecode.cpp.cpp; name = Crab.cpp; path = GameObjects/Crab.cpp; sourceTree = "<group>"; };
		604677E01F721C8400EE35F9 /* Crab.hpp */ = {isa = PBXFileReference; fileEncoding = 4; lastKnownFileType = sourcecode.cpp.h; name = Crab.hpp; path = GameObjects/Crab.hpp; sourceTree = "<group>"; };
		604677E21F722B7500EE35F9 /* Orb.cpp */ = {isa = PBXFileReference; fileEncoding = 4; lastKnownFileType = sourcecode.cpp.cpp; name = Orb.cpp; path = GameObjects/Orb.cpp; sourceTree = "<group>"; };
		604677E31F722B7500EE35F9 /* Orb.hpp */ = {isa = PBXFileReference; fileEncoding = 4; lastKnownFileType = sourcecode.cpp.h; name = Orb.hpp; path = GameObjects/Orb.hpp; sourceTree = "<group>"; };
		604677E51F7235E600EE35F9 /* AnimationObject.cpp */ = {isa = PBXFileReference; fileEncoding = 4; lastKnownFileType = sourcecode.cpp.cpp; name = AnimationObject.cpp; path = GameObjects/AnimationObject.cpp; sourceTree = "<group>"; };
		604677E61F7235E600EE35F9 /* AnimationObject.hpp */ = {isa = PBXFileReference; fileEncoding = 4; lastKnownFileType = sourcecode.cpp.h; name = AnimationObject.hpp; path = GameObjects/AnimationObject.hpp; sourceTree = "<group>"; };
		604677E81F73473C00EE35F9 /* AIObject.cpp */ = {isa = PBXFileReference; fileEncoding = 4; lastKnownFileType = sourcecode.cpp.cpp; name = AIObject.cpp; path = GameObjects/AIObject.cpp; sourceTree = "<group>"; };
		604677E91F73473C00EE35F9 /* AIObject.hpp */ = {isa = PBXFileReference; fileEncoding = 4; lastKnownFileType = sourcecode.cpp.h; name = AIObject.hpp; path = GameObjects/AIObject.hpp; sourceTree = "<group>"; };
		604677EB1F73493700EE35F9 /* Block.cpp */ = {isa = PBXFileReference; fileEncoding = 4; lastKnownFileType = sourcecode.cpp.cpp; name = Block.cpp; path = GameObjects/Block.cpp; sourceTree = "<group>"; };
		604677EC1F73493700EE35F9 /* Block.hpp */ = {isa = PBXFileReference; fileEncoding = 4; lastKnownFileType = sourcecode.cpp.h; name = Block.hpp; path = GameObjects/Block.hpp; sourceTree = "<group>"; };
		604677EE1F73513B00EE35F9 /* UIObject.cpp */ = {isa = PBXFileReference; fileEncoding = 4; lastKnownFileType = sourcecode.cpp.cpp; name = UIObject.cpp; path = GameObjects/UIObject.cpp; sourceTree = "<group>"; };
		604677EF1F73513B00EE35F9 /* UIObject.hpp */ = {isa = PBXFileReference; fileEncoding = 4; lastKnownFileType = sourcecode.cpp.h; name = UIObject.hpp; path = GameObjects/UIObject.hpp; sourceTree = "<group>"; };
		604677F11F73AB2300EE35F9 /* Score.cpp */ = {isa = PBXFileReference; fileEncoding = 4; lastKnownFileType = sourcecode.cpp.cpp; name = Score.cpp; path = GameObjects/Score.cpp; sourceTree = "<group>"; };
		604677F21F73AB2300EE35F9 /* Score.hpp */ = {isa = PBXFileReference; fileEncoding = 4; lastKnownFileType = sourcecode.cpp.h; name = Score.hpp; path = GameObjects/Score.hpp; sourceTree = "<group>"; };
		604677F41F73DE9600EE35F9 /* Scene02.cpp */ = {isa = PBXFileReference; fileEncoding = 4; lastKnownFileType = sourcecode.cpp.cpp; name = Scene02.cpp; path = Scene/Scene02.cpp; sourceTree = "<group>"; };
		604677F51F73DE9600EE35F9 /* Scene02.hpp */ = {isa = PBXFileReference; fileEncoding = 4; lastKnownFileType = sourcecode.cpp.h; name = Scene02.hpp; path = Scene/Scene02.hpp; sourceTree = "<group>"; };
		604677F71F73DEAA00EE35F9 /* Scene01.cpp */ = {isa = PBXFileReference; fileEncoding = 4; lastKnownFileType = sourcecode.cpp.cpp; name = Scene01.cpp; path = Scene/Scene01.cpp; sourceTree = "<group>"; };
		604677F81F73DEAA00EE35F9 /* Scene01.hpp */ = {isa = PBXFileReference; fileEncoding = 4; lastKnownFileType = sourcecode.cpp.h; name = Scene01.hpp; path = Scene/Scene01.hpp; sourceTree = "<group>"; };
		604677FA1F73E66300EE35F9 /* CheckPoint.cpp */ = {isa = PBXFileReference; fileEncoding = 4; lastKnownFileType = sourcecode.cpp.cpp; name = CheckPoint.cpp; path = GameObjects/CheckPoint.cpp; sourceTree = "<group>"; };
		604677FB1F73E66300EE35F9 /* CheckPoint.hpp */ = {isa = PBXFileReference; fileEncoding = 4; lastKnownFileType = sourcecode.cpp.h; name = CheckPoint.hpp; path = GameObjects/CheckPoint.hpp; sourceTree = "<group>"; };
		604677FD1F74A3DD00EE35F9 /* SceneGameOver.cpp */ = {isa = PBXFileReference; fileEncoding = 4; lastKnownFileType = sourcecode.cpp.cpp; name = SceneGameOver.cpp; path = Scene/SceneGameOver.cpp; sourceTree = "<group>"; };
		604677FE1F74A3DD00EE35F9 /* SceneGameOver.hpp */ = {isa = PBXFileReference; fileEncoding = 4; lastKnownFileType = sourcecode.cpp.h; name = SceneGameOver.hpp; path = Scene/SceneGameOver.hpp; sourceTree = "<group>"; };
		604678001F74C02C00EE35F9 /* SceneTitle.cpp */ = {isa = PBXFileReference; fileEncoding = 4; lastKnownFileType = sourcecode.cpp.cpp; name = SceneTitle.cpp; path = Scene/SceneTitle.cpp; sourceTree = "<group>"; };
		604678011F74C02C00EE35F9 /* SceneTitle.hpp */ = {isa = PBXFileReference; fileEncoding = 4; lastKnownFileType = sourcecode.cpp.h; name = SceneTitle.hpp; path = Scene/SceneTitle.hpp; sourceTree = "<group>"; };
		607DB6E51F6D2AA40052786F /* TileObject.cpp */ = {isa = PBXFileReference; fileEncoding = 4; lastKnownFileType = sourcecode.cpp.cpp; name = TileObject.cpp; path = GameObjects/TileObject.cpp; sourceTree = "<group>"; };
		607DB6E61F6D2AA40052786F /* TileObject.hpp */ = {isa = PBXFileReference; fileEncoding = 4; lastKnownFileType = sourcecode.cpp.h; name = TileObject.hpp; path = GameObjects/TileObject.hpp; sourceTree = "<group>"; };
		607DB6E81F6E02D90052786F /* Status.cpp */ = {isa = PBXFileReference; fileEncoding = 4; lastKnownFileType = sourcecode.cpp.cpp; name = Status.cpp; path = Engine/Status.cpp; sourceTree = "<group>"; };
		607DB6E91F6E02D90052786F /* Status.hpp */ = {isa = PBXFileReference; fileEncoding = 4; lastKnownFileType = sourcecode.cpp.h; name = Status.hpp; path = Engine/Status.hpp; sourceTree = "<group>"; };
		607DB6EB1F6E08350052786F /* ColliderObject.cpp */ = {isa = PBXFileReference; fileEncoding = 4; lastKnownFileType = sourcecode.cpp.cpp; name = ColliderObject.cpp; path = GameObjects/ColliderObject.cpp; sourceTree = "<group>"; };
		607DB6EC1F6E08350052786F /* ColliderObject.hpp */ = {isa = PBXFileReference; fileEncoding = 4; lastKnownFileType = sourcecode.cpp.h; name = ColliderObject.hpp; path = GameObjects/ColliderObject.hpp; sourceTree = "<group>"; };
		60AAF12B1F6F3C1A00AE8050 /* NoneObject.cpp */ = {isa = PBXFileReference; fileEncoding = 4; lastKnownFileType = sourcecode.cpp.cpp; name = NoneObject.cpp; path = GameObjects/NoneObject.cpp; sourceTree = "<group>"; };
		60AAF12C1F6F3C1A00AE8050 /* NoneObject.hpp */ = {isa = PBXFileReference; fileEncoding = 4; lastKnownFileType = sourcecode.cpp.h; name = NoneObject.hpp; path = GameObjects/NoneObject.hpp; sourceTree = "<group>"; };
		60AAF12E1F6F78E600AE8050 /* Scene00.cpp */ = {isa = PBXFileReference; fileEncoding = 4; lastKnownFileType = sourcecode.cpp.cpp; name = Scene00.cpp; path = Scene/Scene00.cpp; sourceTree = "<group>"; };
		60AAF12F1F6F78E600AE8050 /* Scene00.hpp */ = {isa = PBXFileReference; fileEncoding = 4; lastKnownFileType = sourcecode.cpp.h; name = Scene00.hpp; path = Scene/Scene00.hpp; sourceTree = "<group>"; };
		60AAF1311F6F79CA00AE8050 /* SceneManager.cpp */ = {isa = PBXFileReference; fileEncoding = 4; lastKnownFileType = sourcecode.cpp.cpp; name = SceneManager.cpp; path = Scene/SceneManager.cpp; sourceTree = "<group>"; };
		60AAF1321F6F79CA00AE8050 /* SceneManager.hpp */ = {isa = PBXFileReference; fileEncoding = 4; lastKnownFileType = sourcecode.cpp.h; name = SceneManager.hpp; path = Scene/SceneManager.hpp; sourceTree = "<group>"; };
		60AAF1341F6FF2A000AE8050 /* Game.cpp */ = {isa = PBXFileReference; fileEncoding = 4; lastKnownFileType = sourcecode.cpp.cpp; name = Game.cpp; path = Engine/Game.cpp; sourceTree = "<group>"; };
		60AAF1351F6FF2A000AE8050 /* Game.hpp */ = {isa = PBXFileReference; fileEncoding = 4; lastKnownFileType = sourcecode.cpp.h; name = Game.hpp; path = Engine/Game.hpp; sourceTree = "<group>"; };
		60B4253E1F64D7E600BEE84C /* vania-OpenGL */ = {isa = PBXFileReference; explicitFileType = "compiled.mach-o.executable"; includeInIndex = 0; path = "vania-OpenGL"; sourceTree = BUILT_PRODUCTS_DIR; };
		60B425411F64D7E600BEE84C /* main.cpp */ = {isa = PBXFileReference; lastKnownFileType = sourcecode.cpp.cpp; path = main.cpp; sourceTree = "<group>"; };
		60B425491F64D7F800BEE84C /* OpenGL.framework */ = {isa = PBXFileReference; lastKnownFileType = wrapper.framework; name = OpenGL.framework; path = System/Library/Frameworks/OpenGL.framework; sourceTree = SDKROOT; };
		60B4254B1F64D88700BEE84C /* libassimp.3.3.1.dylib */ = {isa = PBXFileReference; lastKnownFileType = "compiled.mach-o.dylib"; name = libassimp.3.3.1.dylib; path = ../../../../../usr/local/Cellar/assimp/3.3.1/lib/libassimp.3.3.1.dylib; sourceTree = "<group>"; };
		60B4254D1F64D8AB00BEE84C /* libglfw.3.2.dylib */ = {isa = PBXFileReference; lastKnownFileType = "compiled.mach-o.dylib"; name = libglfw.3.2.dylib; path = ../../../../../usr/local/Cellar/glfw/3.2.1/lib/libglfw.3.2.dylib; sourceTree = "<group>"; };
		60B4254F1F64D8B600BEE84C /* libGLEW.2.0.0.dylib */ = {isa = PBXFileReference; lastKnownFileType = "compiled.mach-o.dylib"; name = libGLEW.2.0.0.dylib; path = ../../../../../usr/local/Cellar/glew/2.0.0/lib/libGLEW.2.0.0.dylib; sourceTree = "<group>"; };
		60B425511F64DC8B00BEE84C /* Engine.cpp */ = {isa = PBXFileReference; fileEncoding = 4; lastKnownFileType = sourcecode.cpp.cpp; name = Engine.cpp; path = Engine/Engine.cpp; sourceTree = "<group>"; };
		60B425521F64DC8B00BEE84C /* Engine.hpp */ = {isa = PBXFileReference; fileEncoding = 4; lastKnownFileType = sourcecode.cpp.h; name = Engine.hpp; path = Engine/Engine.hpp; sourceTree = "<group>"; };
		60E00ADC1F6A1166003CCA29 /* Player.cpp */ = {isa = PBXFileReference; fileEncoding = 4; lastKnownFileType = sourcecode.cpp.cpp; name = Player.cpp; path = GameObjects/Player.cpp; sourceTree = "<group>"; };
		60E00ADD1F6A1166003CCA29 /* Player.hpp */ = {isa = PBXFileReference; fileEncoding = 4; lastKnownFileType = sourcecode.cpp.h; name = Player.hpp; path = GameObjects/Player.hpp; sourceTree = "<group>"; };
		60E00ADF1F6A5AB1003CCA29 /* Input.cpp */ = {isa = PBXFileReference; fileEncoding = 4; lastKnownFileType = sourcecode.cpp.cpp; name = Input.cpp; path = Engine/Input.cpp; sourceTree = "<group>"; };
		60E00AE01F6A5AB1003CCA29 /* Input.hpp */ = {isa = PBXFileReference; fileEncoding = 4; lastKnownFileType = sourcecode.cpp.h; name = Input.hpp; path = Engine/Input.hpp; sourceTree = "<group>"; };
		60EC246B1F68CA30006BFDA6 /* Timer.cpp */ = {isa = PBXFileReference; fileEncoding = 4; lastKnownFileType = sourcecode.cpp.cpp; name = Timer.cpp; path = Engine/Timer.cpp; sourceTree = "<group>"; };
		60EC246C1F68CA30006BFDA6 /* Timer.hpp */ = {isa = PBXFileReference; fileEncoding = 4; lastKnownFileType = sourcecode.cpp.h; name = Timer.hpp; path = Engine/Timer.hpp; sourceTree = "<group>"; };
		60EC246E1F68CF44006BFDA6 /* Resources.cpp */ = {isa = PBXFileReference; fileEncoding = 4; lastKnownFileType = sourcecode.cpp.cpp; name = Resources.cpp; path = Engine/Resources.cpp; sourceTree = "<group>"; };
		60EC246F1F68CF44006BFDA6 /* Resources.hpp */ = {isa = PBXFileReference; fileEncoding = 4; lastKnownFileType = sourcecode.cpp.h; name = Resources.hpp; path = Engine/Resources.hpp; sourceTree = "<group>"; };
		60EC24711F690204006BFDA6 /* RenderPass.cpp */ = {isa = PBXFileReference; fileEncoding = 4; lastKnownFileType = sourcecode.cpp.cpp; name = RenderPass.cpp; path = Engine/RenderPass.cpp; sourceTree = "<group>"; };
		60EC24721F690204006BFDA6 /* RenderPass.hpp */ = {isa = PBXFileReference; fileEncoding = 4; lastKnownFileType = sourcecode.cpp.h; name = RenderPass.hpp; path = Engine/RenderPass.hpp; sourceTree = "<group>"; };
		60EC92771F65DE89006F0902 /* stb_image.h */ = {isa = PBXFileReference; fileEncoding = 4; lastKnownFileType = sourcecode.c.h; name = stb_image.h; path = Engine/stb_image.h; sourceTree = "<group>"; };
		60EE18BB1F6616BC000C6F0D /* Camera.cpp */ = {isa = PBXFileReference; fileEncoding = 4; lastKnownFileType = sourcecode.cpp.cpp; name = Camera.cpp; path = Engine/Camera.cpp; sourceTree = "<group>"; };
		60EE18BC1F6616BC000C6F0D /* Camera.hpp */ = {isa = PBXFileReference; fileEncoding = 4; lastKnownFileType = sourcecode.cpp.h; name = Camera.hpp; path = Engine/Camera.hpp; sourceTree = "<group>"; };
		60EE18CA1F6657E8000C6F0D /* Transform.cpp */ = {isa = PBXFileReference; fileEncoding = 4; lastKnownFileType = sourcecode.cpp.cpp; name = Transform.cpp; path = Engine/Transform.cpp; sourceTree = "<group>"; };
		60EE18CB1F6657E8000C6F0D /* Transform.hpp */ = {isa = PBXFileReference; fileEncoding = 4; lastKnownFileType = sourcecode.cpp.h; name = Transform.hpp; path = Engine/Transform.hpp; sourceTree = "<group>"; };
		60F0259C1F64E3AC0022EC73 /* Window.cpp */ = {isa = PBXFileReference; fileEncoding = 4; lastKnownFileType = sourcecode.cpp.cpp; name = Window.cpp; path = Engine/Window.cpp; sourceTree = "<group>"; };
		60F0259D1F64E3AC0022EC73 /* Window.hpp */ = {isa = PBXFileReference; fileEncoding = 4; lastKnownFileType = sourcecode.cpp.h; name = Window.hpp; path = Engine/Window.hpp; sourceTree = "<group>"; };
		60F0259F1F64E7A70022EC73 /* Shader.cpp */ = {isa = PBXFileReference; fileEncoding = 4; lastKnownFileType = sourcecode.cpp.cpp; name = Shader.cpp; path = Engine/Shader.cpp; sourceTree = "<group>"; };
		60F025A01F64E7A70022EC73 /* Shader.hpp */ = {isa = PBXFileReference; fileEncoding = 4; lastKnownFileType = sourcecode.cpp.h; name = Shader.hpp; path = Engine/Shader.hpp; sourceTree = "<group>"; };
		60F2A7D11F67B4480068C4E7 /* Quad.cpp */ = {isa = PBXFileReference; fileEncoding = 4; lastKnownFileType = sourcecode.cpp.cpp; name = Quad.cpp; path = Engine/Quad.cpp; sourceTree = "<group>"; };
		60F2A7D21F67B4480068C4E7 /* Quad.hpp */ = {isa = PBXFileReference; fileEncoding = 4; lastKnownFileType = sourcecode.cpp.h; name = Quad.hpp; path = Engine/Quad.hpp; sourceTree = "<group>"; };
		60F2A7D41F67C2050068C4E7 /* Sprite.cpp */ = {isa = PBXFileReference; fileEncoding = 4; lastKnownFileType = sourcecode.cpp.cpp; name = Sprite.cpp; path = Engine/Sprite.cpp; sourceTree = "<group>"; };
		60F2A7D51F67C2050068C4E7 /* Sprite.hpp */ = {isa = PBXFileReference; fileEncoding = 4; lastKnownFileType = sourcecode.cpp.h; name = Sprite.hpp; path = Engine/Sprite.hpp; sourceTree = "<group>"; };
		60F2A7D71F67C4C80068C4E7 /* Texture.cpp */ = {isa = PBXFileReference; fileEncoding = 4; lastKnownFileType = sourcecode.cpp.cpp; name = Texture.cpp; path = Engine/Texture.cpp; sourceTree = "<group>"; };
		60F2A7D81F67C4C80068C4E7 /* Texture.hpp */ = {isa = PBXFileReference; fileEncoding = 4; lastKnownFileType = sourcecode.cpp.h; name = Texture.hpp; path = Engine/Texture.hpp; sourceTree = "<group>"; };
		60F6A3E71F6AC68A005595B2 /* Animation.cpp */ = {isa = PBXFileReference; fileEncoding = 4; lastKnownFileType = sourcecode.cpp.cpp; name = Animation.cpp; path = Engine/Animation.cpp; sourceTree = "<group>"; };
		60F6A3E81F6AC68A005595B2 /* Animation.hpp */ = {isa = PBXFileReference; fileEncoding = 4; lastKnownFileType = sourcecode.cpp.h; name = Animation.hpp; path = Engine/Animation.hpp; sourceTree = "<group>"; };
/* End PBXFileReference section */

/* Begin PBXFrameworksBuildPhase section */
		60B4253B1F64D7E600BEE84C /* Frameworks */ = {
			isa = PBXFrameworksBuildPhase;
			buildActionMask = 2147483647;
			files = (
				60B4254A1F64D7F800BEE84C /* OpenGL.framework in Frameworks */,
				60B425501F64D8B600BEE84C /* libGLEW.2.0.0.dylib in Frameworks */,
				60B4254E1F64D8AB00BEE84C /* libglfw.3.2.dylib in Frameworks */,
				60B4254C1F64D88700BEE84C /* libassimp.3.3.1.dylib in Frameworks */,
				603942D41F764B9F004B3336 /* libirrklang.dylib in Frameworks */,
			);
			runOnlyForDeploymentPostprocessing = 0;
		};
/* End PBXFrameworksBuildPhase section */

/* Begin PBXGroup section */
		603C30991F6BF8BF00E91948 /* Scene */ = {
			isa = PBXGroup;
			children = (
				60AAF1311F6F79CA00AE8050 /* SceneManager.cpp */,
				60AAF1321F6F79CA00AE8050 /* SceneManager.hpp */,
				6039430A1F7787B8004B3336 /* TiledMap.cpp */,
				6039430B1F7787B8004B3336 /* TiledMap.hpp */,
				603C309A1F6BF91500E91948 /* Scene.cpp */,
				603C309B1F6BF91500E91948 /* Scene.hpp */,
				60AAF12E1F6F78E600AE8050 /* Scene00.cpp */,
				60AAF12F1F6F78E600AE8050 /* Scene00.hpp */,
				604677F71F73DEAA00EE35F9 /* Scene01.cpp */,
				604677F81F73DEAA00EE35F9 /* Scene01.hpp */,
				604677F41F73DE9600EE35F9 /* Scene02.cpp */,
				604677F51F73DE9600EE35F9 /* Scene02.hpp */,
				6039430D1F778831004B3336 /* Scene03.cpp */,
				6039430E1F778831004B3336 /* Scene03.hpp */,
				603943101F7794E9004B3336 /* Scene04.cpp */,
				603943111F7794E9004B3336 /* Scene04.hpp */,
				603943121F7794E9004B3336 /* Scene05.cpp */,
				603943131F7794E9004B3336 /* Scene05.hpp */,
				603943141F7794E9004B3336 /* Scene06.cpp */,
				603943151F7794E9004B3336 /* Scene06.hpp */,
				603943161F7794E9004B3336 /* Scene07.cpp */,
				603943171F7794E9004B3336 /* Scene07.hpp */,
				603943181F7794E9004B3336 /* Scene08.cpp */,
				603943191F7794E9004B3336 /* Scene08.hpp */,
				6039431A1F7794E9004B3336 /* Scene09.cpp */,
				6039431B1F7794E9004B3336 /* Scene09.hpp */,
				6039431C1F7794E9004B3336 /* Scene10.cpp */,
				6039431D1F7794E9004B3336 /* Scene10.hpp */,
				6039431E1F7794E9004B3336 /* Scene11.cpp */,
				6039431F1F7794E9004B3336 /* Scene11.hpp */,
				603943201F7794E9004B3336 /* Scene12.cpp */,
				603943211F7794E9004B3336 /* Scene12.hpp */,
				603943221F7794E9004B3336 /* Scene13.cpp */,
				603943231F7794E9004B3336 /* Scene13.hpp */,
				603943241F7794E9004B3336 /* Scene14.cpp */,
				603943251F7794E9004B3336 /* Scene14.hpp */,
				603943261F7794E9004B3336 /* Scene15.cpp */,
				603943271F7794E9004B3336 /* Scene15.hpp */,
				603943281F7794E9004B3336 /* Scene16.cpp */,
				603943291F7794E9004B3336 /* Scene16.hpp */,
				6039432A1F7794E9004B3336 /* Scene17.cpp */,
				6039432B1F7794E9004B3336 /* Scene17.hpp */,
				6039432C1F7794E9004B3336 /* Scene18.cpp */,
				6039432D1F7794E9004B3336 /* Scene18.hpp */,
				6039432E1F7794E9004B3336 /* Scene19.cpp */,
				6039432F1F7794E9004B3336 /* Scene19.hpp */,
				603943301F7794E9004B3336 /* Scene20.cpp */,
				603943311F7794E9004B3336 /* Scene20.hpp */,
				603943321F7794E9004B3336 /* Scene21.cpp */,
				603943331F7794E9004B3336 /* Scene21.hpp */,
				603943341F7794E9004B3336 /* Scene22.cpp */,
				603943351F7794E9004B3336 /* Scene22.hpp */,
				603943361F7794E9004B3336 /* Scene23.cpp */,
				603943371F7794E9004B3336 /* Scene23.hpp */,
				604677FD1F74A3DD00EE35F9 /* SceneGameOver.cpp */,
				604677FE1F74A3DD00EE35F9 /* SceneGameOver.hpp */,
				604678001F74C02C00EE35F9 /* SceneTitle.cpp */,
				604678011F74C02C00EE35F9 /* SceneTitle.hpp */,
			);
			name = Scene;
			sourceTree = "<group>";
		};
		60B425351F64D7E600BEE84C = {
			isa = PBXGroup;
			children = (
				60B425401F64D7E600BEE84C /* vania-OpenGL */,
				60B4253F1F64D7E600BEE84C /* Products */,
				60B425481F64D7F700BEE84C /* Frameworks */,
			);
			sourceTree = "<group>";
		};
		60B4253F1F64D7E600BEE84C /* Products */ = {
			isa = PBXGroup;
			children = (
				60B4253E1F64D7E600BEE84C /* vania-OpenGL */,
			);
			name = Products;
			sourceTree = "<group>";
		};
		60B425401F64D7E600BEE84C /* vania-OpenGL */ = {
			isa = PBXGroup;
			children = (
				60B425541F64DCA300BEE84C /* Engine */,
				60E00ADB1F6A110E003CCA29 /* GameObject */,
				603C30991F6BF8BF00E91948 /* Scene */,
				60B425411F64D7E600BEE84C /* main.cpp */,
			);
			path = "vania-OpenGL";
			sourceTree = "<group>";
		};
		60B425481F64D7F700BEE84C /* Frameworks */ = {
			isa = PBXGroup;
			children = (
				603942D31F764B9F004B3336 /* libirrklang.dylib */,
				60B4254F1F64D8B600BEE84C /* libGLEW.2.0.0.dylib */,
				60B4254D1F64D8AB00BEE84C /* libglfw.3.2.dylib */,
				60B4254B1F64D88700BEE84C /* libassimp.3.3.1.dylib */,
				60B425491F64D7F800BEE84C /* OpenGL.framework */,
			);
			name = Frameworks;
			sourceTree = "<group>";
		};
		60B425541F64DCA300BEE84C /* Engine */ = {
			isa = PBXGroup;
			children = (
				60EC92771F65DE89006F0902 /* stb_image.h */,
				60F2A7D41F67C2050068C4E7 /* Sprite.cpp */,
				60F2A7D51F67C2050068C4E7 /* Sprite.hpp */,
				60B425511F64DC8B00BEE84C /* Engine.cpp */,
				60B425521F64DC8B00BEE84C /* Engine.hpp */,
				60F2A7D71F67C4C80068C4E7 /* Texture.cpp */,
				60F2A7D81F67C4C80068C4E7 /* Texture.hpp */,
				60F2A7D11F67B4480068C4E7 /* Quad.cpp */,
				60F2A7D21F67B4480068C4E7 /* Quad.hpp */,
				60F0259C1F64E3AC0022EC73 /* Window.cpp */,
				60F0259D1F64E3AC0022EC73 /* Window.hpp */,
				60F0259F1F64E7A70022EC73 /* Shader.cpp */,
				60F025A01F64E7A70022EC73 /* Shader.hpp */,
				60EE18BB1F6616BC000C6F0D /* Camera.cpp */,
				60EE18BC1F6616BC000C6F0D /* Camera.hpp */,
				60EE18CA1F6657E8000C6F0D /* Transform.cpp */,
				60EE18CB1F6657E8000C6F0D /* Transform.hpp */,
				60EC246B1F68CA30006BFDA6 /* Timer.cpp */,
				60EC246C1F68CA30006BFDA6 /* Timer.hpp */,
				60EC246E1F68CF44006BFDA6 /* Resources.cpp */,
				60EC246F1F68CF44006BFDA6 /* Resources.hpp */,
				60EC24711F690204006BFDA6 /* RenderPass.cpp */,
				60EC24721F690204006BFDA6 /* RenderPass.hpp */,
				60E00ADF1F6A5AB1003CCA29 /* Input.cpp */,
				60E00AE01F6A5AB1003CCA29 /* Input.hpp */,
				60F6A3E71F6AC68A005595B2 /* Animation.cpp */,
				60F6A3E81F6AC68A005595B2 /* Animation.hpp */,
				603C30961F6BDEB700E91948 /* BoxCollider.cpp */,
				603C30971F6BDEB700E91948 /* BoxCollider.hpp */,
				607DB6E81F6E02D90052786F /* Status.cpp */,
				607DB6E91F6E02D90052786F /* Status.hpp */,
				60AAF1341F6FF2A000AE8050 /* Game.cpp */,
				60AAF1351F6FF2A000AE8050 /* Game.hpp */,
				604677D91F72057700EE35F9 /* Particle.cpp */,
				604677DA1F72057700EE35F9 /* Particle.hpp */,
				604677DC1F72059900EE35F9 /* ParticleSystem.cpp */,
				604677DD1F72059900EE35F9 /* ParticleSystem.hpp */,
				603942D51F764CCE004B3336 /* Audio.cpp */,
				603942D61F764CCE004B3336 /* Audio.hpp */,
			);
			name = Engine;
			sourceTree = "<group>";
		};
		60E00ADB1F6A110E003CCA29 /* GameObject */ = {
			isa = PBXGroup;
			children = (
				607DB6E51F6D2AA40052786F /* TileObject.cpp */,
				607DB6E61F6D2AA40052786F /* TileObject.hpp */,
				607DB6EB1F6E08350052786F /* ColliderObject.cpp */,
				607DB6EC1F6E08350052786F /* ColliderObject.hpp */,
				60AAF12B1F6F3C1A00AE8050 /* NoneObject.cpp */,
				60AAF12C1F6F3C1A00AE8050 /* NoneObject.hpp */,
				604677D61F71FDF800EE35F9 /* OffsetObject.cpp */,
				604677D71F71FDF800EE35F9 /* OffsetObject.hpp */,
				604677E51F7235E600EE35F9 /* AnimationObject.cpp */,
				604677E61F7235E600EE35F9 /* AnimationObject.hpp */,
				60E00ADC1F6A1166003CCA29 /* Player.cpp */,
				60E00ADD1F6A1166003CCA29 /* Player.hpp */,
				604677D31F71F6A000EE35F9 /* Bullet.cpp */,
				604677D41F71F6A000EE35F9 /* Bullet.hpp */,
				604677DF1F721C8400EE35F9 /* Crab.cpp */,
				604677E01F721C8400EE35F9 /* Crab.hpp */,
				6039434C1F77B62E004B3336 /* Flyer.cpp */,
				6039434D1F77B62E004B3336 /* Flyer.hpp */,
				6039434F1F77BEA7004B3336 /* Jumper.cpp */,
				603943501F77BEA7004B3336 /* Jumper.hpp */,
				603943521F77C3FB004B3336 /* Ghost.cpp */,
				603943531F77C3FB004B3336 /* Ghost.hpp */,
				604677E21F722B7500EE35F9 /* Orb.cpp */,
				604677E31F722B7500EE35F9 /* Orb.hpp */,
				604677E81F73473C00EE35F9 /* AIObject.cpp */,
				604677E91F73473C00EE35F9 /* AIObject.hpp */,
				604677EB1F73493700EE35F9 /* Block.cpp */,
				604677EC1F73493700EE35F9 /* Block.hpp */,
				604677EE1F73513B00EE35F9 /* UIObject.cpp */,
				604677EF1F73513B00EE35F9 /* UIObject.hpp */,
				604677F11F73AB2300EE35F9 /* Score.cpp */,
				604677F21F73AB2300EE35F9 /* Score.hpp */,
				604677FA1F73E66300EE35F9 /* CheckPoint.cpp */,
				604677FB1F73E66300EE35F9 /* CheckPoint.hpp */,
				603943071F77879B004B3336 /* GameObject.cpp */,
				603943081F77879B004B3336 /* GameObject.hpp */,
			);
			name = GameObject;
			sourceTree = "<group>";
		};
/* End PBXGroup section */

/* Begin PBXNativeTarget section */
		60B4253D1F64D7E600BEE84C /* vania-OpenGL */ = {
			isa = PBXNativeTarget;
			buildConfigurationList = 60B425451F64D7E600BEE84C /* Build configuration list for PBXNativeTarget "vania-OpenGL" */;
			buildPhases = (
				60B4253A1F64D7E600BEE84C /* Sources */,
				60B4253B1F64D7E600BEE84C /* Frameworks */,
				60B4253C1F64D7E600BEE84C /* CopyFiles */,
			);
			buildRules = (
			);
			dependencies = (
			);
			name = "vania-OpenGL";
			productName = "vania-OpenGL";
			productReference = 60B4253E1F64D7E600BEE84C /* vania-OpenGL */;
			productType = "com.apple.product-type.tool";
		};
/* End PBXNativeTarget section */

/* Begin PBXProject section */
		60B425361F64D7E600BEE84C /* Project object */ = {
			isa = PBXProject;
			attributes = {
				LastUpgradeCheck = 0830;
				ORGANIZATIONNAME = haijian;
				TargetAttributes = {
					60B4253D1F64D7E600BEE84C = {
						CreatedOnToolsVersion = 8.3.3;
						DevelopmentTeam = 4M5A36G82A;
						ProvisioningStyle = Automatic;
					};
				};
			};
			buildConfigurationList = 60B425391F64D7E600BEE84C /* Build configuration list for PBXProject "vania-OpenGL" */;
			compatibilityVersion = "Xcode 3.2";
			developmentRegion = English;
			hasScannedForEncodings = 0;
			knownRegions = (
				en,
			);
			mainGroup = 60B425351F64D7E600BEE84C;
			productRefGroup = 60B4253F1F64D7E600BEE84C /* Products */;
			projectDirPath = "";
			projectRoot = "";
			targets = (
				60B4253D1F64D7E600BEE84C /* vania-OpenGL */,
			);
		};
/* End PBXProject section */

/* Begin PBXSourcesBuildPhase section */
		60B4253A1F64D7E600BEE84C /* Sources */ = {
			isa = PBXSourcesBuildPhase;
			buildActionMask = 2147483647;
			files = (
				603943511F77BEA7004B3336 /* Jumper.cpp in Sources */,
				603943461F7794E9004B3336 /* Scene18.cpp in Sources */,
				60AAF1301F6F78E600AE8050 /* Scene00.cpp in Sources */,
				6039433A1F7794E9004B3336 /* Scene06.cpp in Sources */,
				6039434E1F77B62E004B3336 /* Flyer.cpp in Sources */,
				604677E71F7235E600EE35F9 /* AnimationObject.cpp in Sources */,
				604677F91F73DEAA00EE35F9 /* Scene01.cpp in Sources */,
				60F2A7D31F67B4480068C4E7 /* Quad.cpp in Sources */,
				60AAF1331F6F79CA00AE8050 /* SceneManager.cpp in Sources */,
				607DB6E71F6D2AA40052786F /* TileObject.cpp in Sources */,
				60EC24701F68CF44006BFDA6 /* Resources.cpp in Sources */,
				603943441F7794E9004B3336 /* Scene16.cpp in Sources */,
				6039433F1F7794E9004B3336 /* Scene11.cpp in Sources */,
				603943401F7794E9004B3336 /* Scene12.cpp in Sources */,
				6039433E1F7794E9004B3336 /* Scene10.cpp in Sources */,
				603943391F7794E9004B3336 /* Scene05.cpp in Sources */,
				604677FC1F73E66300EE35F9 /* CheckPoint.cpp in Sources */,
				6039434B1F7794E9004B3336 /* Scene23.cpp in Sources */,
				6039433C1F7794E9004B3336 /* Scene08.cpp in Sources */,
				603943381F7794E9004B3336 /* Scene04.cpp in Sources */,
				607DB6EA1F6E02D90052786F /* Status.cpp in Sources */,
				603943431F7794E9004B3336 /* Scene15.cpp in Sources */,
				603943541F77C3FB004B3336 /* Ghost.cpp in Sources */,
				6039433D1F7794E9004B3336 /* Scene09.cpp in Sources */,
				604677F31F73AB2300EE35F9 /* Score.cpp in Sources */,
				603C30981F6BDEB700E91948 /* BoxCollider.cpp in Sources */,
				604677DE1F72059900EE35F9 /* ParticleSystem.cpp in Sources */,
				604677F01F73513B00EE35F9 /* UIObject.cpp in Sources */,
				60EE18CC1F6657E8000C6F0D /* Transform.cpp in Sources */,
				6039433B1F7794E9004B3336 /* Scene07.cpp in Sources */,
				60AAF1361F6FF2A000AE8050 /* Game.cpp in Sources */,
				604677D51F71F6A000EE35F9 /* Bullet.cpp in Sources */,
				607DB6ED1F6E08350052786F /* ColliderObject.cpp in Sources */,
				6039434A1F7794E9004B3336 /* Scene22.cpp in Sources */,
				6039430F1F778831004B3336 /* Scene03.cpp in Sources */,
				60F2A7D61F67C2050068C4E7 /* Sprite.cpp in Sources */,
				603943491F7794E9004B3336 /* Scene21.cpp in Sources */,
				604677E11F721C8400EE35F9 /* Crab.cpp in Sources */,
				603C309C1F6BF91500E91948 /* Scene.cpp in Sources */,
				6039430C1F7787B8004B3336 /* TiledMap.cpp in Sources */,
				603943091F77879B004B3336 /* GameObject.cpp in Sources */,
				603943411F7794E9004B3336 /* Scene13.cpp in Sources */,
				603943481F7794E9004B3336 /* Scene20.cpp in Sources */,
				60EC246D1F68CA30006BFDA6 /* Timer.cpp in Sources */,
				60F2A7D91F67C4C80068C4E7 /* Texture.cpp in Sources */,
				60EC24731F690204006BFDA6 /* RenderPass.cpp in Sources */,
				60E00ADE1F6A1166003CCA29 /* Player.cpp in Sources */,
				60AAF12D1F6F3C1A00AE8050 /* NoneObject.cpp in Sources */,
				60E00AE11F6A5AB1003CCA29 /* Input.cpp in Sources */,
				60B425421F64D7E600BEE84C /* main.cpp in Sources */,
				60F0259E1F64E3AC0022EC73 /* Window.cpp in Sources */,
				604677EA1F73473C00EE35F9 /* AIObject.cpp in Sources */,
				60EE18BD1F6616BC000C6F0D /* Camera.cpp in Sources */,
				603942D71F764CCE004B3336 /* Audio.cpp in Sources */,
				60F025A11F64E7A70022EC73 /* Shader.cpp in Sources */,
				604677FF1F74A3DD00EE35F9 /* SceneGameOver.cpp in Sources */,
				604677ED1F73493700EE35F9 /* Block.cpp in Sources */,
				604677F61F73DE9600EE35F9 /* Scene02.cpp in Sources */,
				604677E41F722B7500EE35F9 /* Orb.cpp in Sources */,
				60F6A3E91F6AC68A005595B2 /* Animation.cpp in Sources */,
				603943451F7794E9004B3336 /* Scene17.cpp in Sources */,
				60B425531F64DC8B00BEE84C /* Engine.cpp in Sources */,
				603943421F7794E9004B3336 /* Scene14.cpp in Sources */,
				603943471F7794E9004B3336 /* Scene19.cpp in Sources */,
				604678021F74C02C00EE35F9 /* SceneTitle.cpp in Sources */,
				604677DB1F72057700EE35F9 /* Particle.cpp in Sources */,
				604677D81F71FDF800EE35F9 /* OffsetObject.cpp in Sources */,
			);
			runOnlyForDeploymentPostprocessing = 0;
		};
/* End PBXSourcesBuildPhase section */

/* Begin XCBuildConfiguration section */
		60B425431F64D7E600BEE84C /* Debug */ = {
			isa = XCBuildConfiguration;
			buildSettings = {
				ALWAYS_SEARCH_USER_PATHS = NO;
				CLANG_ANALYZER_NONNULL = YES;
				CLANG_ANALYZER_NUMBER_OBJECT_CONVERSION = YES_AGGRESSIVE;
				CLANG_CXX_LANGUAGE_STANDARD = "gnu++0x";
				CLANG_CXX_LIBRARY = "libc++";
				CLANG_ENABLE_MODULES = YES;
				CLANG_ENABLE_OBJC_ARC = YES;
				CLANG_WARN_BOOL_CONVERSION = YES;
				CLANG_WARN_CONSTANT_CONVERSION = YES;
				CLANG_WARN_DIRECT_OBJC_ISA_USAGE = YES_ERROR;
				CLANG_WARN_DOCUMENTATION_COMMENTS = YES;
				CLANG_WARN_EMPTY_BODY = YES;
				CLANG_WARN_ENUM_CONVERSION = YES;
				CLANG_WARN_INFINITE_RECURSION = YES;
				CLANG_WARN_INT_CONVERSION = YES;
				CLANG_WARN_OBJC_ROOT_CLASS = YES_ERROR;
				CLANG_WARN_SUSPICIOUS_MOVE = YES;
				CLANG_WARN_UNREACHABLE_CODE = YES;
				CLANG_WARN__DUPLICATE_METHOD_MATCH = YES;
				CODE_SIGN_IDENTITY = "-";
				COPY_PHASE_STRIP = NO;
				DEBUG_INFORMATION_FORMAT = dwarf;
				ENABLE_STRICT_OBJC_MSGSEND = YES;
				ENABLE_TESTABILITY = YES;
				GCC_C_LANGUAGE_STANDARD = gnu99;
				GCC_DYNAMIC_NO_PIC = NO;
				GCC_NO_COMMON_BLOCKS = YES;
				GCC_OPTIMIZATION_LEVEL = 0;
				GCC_PREPROCESSOR_DEFINITIONS = (
					"DEBUG=1",
					"$(inherited)",
				);
				GCC_WARN_64_TO_32_BIT_CONVERSION = YES;
				GCC_WARN_ABOUT_RETURN_TYPE = YES_ERROR;
				GCC_WARN_UNDECLARED_SELECTOR = YES;
				GCC_WARN_UNINITIALIZED_AUTOS = YES_AGGRESSIVE;
				GCC_WARN_UNUSED_FUNCTION = YES;
				GCC_WARN_UNUSED_VARIABLE = YES;
				MACOSX_DEPLOYMENT_TARGET = 10.12;
				MTL_ENABLE_DEBUG_INFO = YES;
				ONLY_ACTIVE_ARCH = YES;
				SDKROOT = macosx;
			};
			name = Debug;
		};
		60B425441F64D7E600BEE84C /* Release */ = {
			isa = XCBuildConfiguration;
			buildSettings = {
				ALWAYS_SEARCH_USER_PATHS = NO;
				CLANG_ANALYZER_NONNULL = YES;
				CLANG_ANALYZER_NUMBER_OBJECT_CONVERSION = YES_AGGRESSIVE;
				CLANG_CXX_LANGUAGE_STANDARD = "gnu++0x";
				CLANG_CXX_LIBRARY = "libc++";
				CLANG_ENABLE_MODULES = YES;
				CLANG_ENABLE_OBJC_ARC = YES;
				CLANG_WARN_BOOL_CONVERSION = YES;
				CLANG_WARN_CONSTANT_CONVERSION = YES;
				CLANG_WARN_DIRECT_OBJC_ISA_USAGE = YES_ERROR;
				CLANG_WARN_DOCUMENTATION_COMMENTS = YES;
				CLANG_WARN_EMPTY_BODY = YES;
				CLANG_WARN_ENUM_CONVERSION = YES;
				CLANG_WARN_INFINITE_RECURSION = YES;
				CLANG_WARN_INT_CONVERSION = YES;
				CLANG_WARN_OBJC_ROOT_CLASS = YES_ERROR;
				CLANG_WARN_SUSPICIOUS_MOVE = YES;
				CLANG_WARN_UNREACHABLE_CODE = YES;
				CLANG_WARN__DUPLICATE_METHOD_MATCH = YES;
				CODE_SIGN_IDENTITY = "-";
				COPY_PHASE_STRIP = NO;
				DEBUG_INFORMATION_FORMAT = "dwarf-with-dsym";
				ENABLE_NS_ASSERTIONS = NO;
				ENABLE_STRICT_OBJC_MSGSEND = YES;
				GCC_C_LANGUAGE_STANDARD = gnu99;
				GCC_NO_COMMON_BLOCKS = YES;
				GCC_WARN_64_TO_32_BIT_CONVERSION = YES;
				GCC_WARN_ABOUT_RETURN_TYPE = YES_ERROR;
				GCC_WARN_UNDECLARED_SELECTOR = YES;
				GCC_WARN_UNINITIALIZED_AUTOS = YES_AGGRESSIVE;
				GCC_WARN_UNUSED_FUNCTION = YES;
				GCC_WARN_UNUSED_VARIABLE = YES;
				MACOSX_DEPLOYMENT_TARGET = 10.12;
				MTL_ENABLE_DEBUG_INFO = NO;
				SDKROOT = macosx;
			};
			name = Release;
		};
		60B425461F64D7E600BEE84C /* Debug */ = {
			isa = XCBuildConfiguration;
			buildSettings = {
				DEVELOPMENT_TEAM = 4M5A36G82A;
				HEADER_SEARCH_PATHS = (
					/usr/local/include,
					"$(PROJECT_DIR)/vania-OpenGL/Libraries/irrKlang/include",
				);
				LIBRARY_SEARCH_PATHS = (
					"$(inherited)",
					/usr/local/Cellar/glfw/3.2.1/lib,
					/usr/local/Cellar/glew/2.0.0/lib,
					/usr/local/Cellar/assimp/3.3.1/lib,
					"$(PROJECT_DIR)/vania-OpenGL/Libraries/irrKlang/lib",
				);
				PRODUCT_NAME = "$(TARGET_NAME)";
			};
			name = Debug;
		};
		60B425471F64D7E600BEE84C /* Release */ = {
			isa = XCBuildConfiguration;
			buildSettings = {
				DEVELOPMENT_TEAM = 4M5A36G82A;
				HEADER_SEARCH_PATHS = (
					/usr/local/include,
					"$(PROJECT_DIR)/vania-OpenGL/Libraries/irrKlang/include",
				);
				LIBRARY_SEARCH_PATHS = (
					"$(inherited)",
					/usr/local/Cellar/glfw/3.2.1/lib,
					/usr/local/Cellar/glew/2.0.0/lib,
					/usr/local/Cellar/assimp/3.3.1/lib,
					"$(PROJECT_DIR)/vania-OpenGL/Libraries/irrKlang/lib",
				);
				PRODUCT_NAME = "$(TARGET_NAME)";
			};
			name = Release;
		};
/* End XCBuildConfiguration section */

/* Begin XCConfigurationList section */
		60B425391F64D7E600BEE84C /* Build configuration list for PBXProject "vania-OpenGL" */ = {
			isa = XCConfigurationList;
			buildConfigurations = (
				60B425431F64D7E600BEE84C /* Debug */,
				60B425441F64D7E600BEE84C /* Release */,
			);
			defaultConfigurationIsVisible = 0;
			defaultConfigurationName = Release;
		};
		60B425451F64D7E600BEE84C /* Build configuration list for PBXNativeTarget "vania-OpenGL" */ = {
			isa = XCConfigurationList;
			buildConfigurations = (
				60B425461F64D7E600BEE84C /* Debug */,
				60B425471F64D7E600BEE84C /* Release */,
			);
			defaultConfigurationIsVisible = 0;
			defaultConfigurationName = Release;
		};
/* End XCConfigurationList section */
	};
	rootObject = 60B425361F64D7E600BEE84C /* Project object */;
}
