// !$*UTF8*$!
{
	archiveVersion = 1;
	classes = {
	};
	objectVersion = 46;
	objects = {

/* Begin PBXBuildFile section */
		6098E5F31F80850B00FECFA5 /* Sprite.cpp in Sources */ = {isa = PBXBuildFile; fileRef = 60F2A7D41F67C2050068C4E7 /* Sprite.cpp */; };
		6098E5F41F80850B00FECFA5 /* Engine.cpp in Sources */ = {isa = PBXBuildFile; fileRef = 60B425511F64DC8B00BEE84C /* Engine.cpp */; };
		6098E5F51F80850B00FECFA5 /* Texture.cpp in Sources */ = {isa = PBXBuildFile; fileRef = 60F2A7D71F67C4C80068C4E7 /* Texture.cpp */; };
		6098E5F61F80850B00FECFA5 /* Quad.cpp in Sources */ = {isa = PBXBuildFile; fileRef = 60F2A7D11F67B4480068C4E7 /* Quad.cpp */; };
		6098E5F71F80850B00FECFA5 /* Window.cpp in Sources */ = {isa = PBXBuildFile; fileRef = 60F0259C1F64E3AC0022EC73 /* Window.cpp */; };
		6098E5F81F80850B00FECFA5 /* Shader.cpp in Sources */ = {isa = PBXBuildFile; fileRef = 60F0259F1F64E7A70022EC73 /* Shader.cpp */; };
		6098E5F91F80850B00FECFA5 /* Camera.cpp in Sources */ = {isa = PBXBuildFile; fileRef = 60EE18BB1F6616BC000C6F0D /* Camera.cpp */; };
		6098E5FA1F80850B00FECFA5 /* Transform.cpp in Sources */ = {isa = PBXBuildFile; fileRef = 60EE18CA1F6657E8000C6F0D /* Transform.cpp */; };
		6098E5FB1F80850B00FECFA5 /* Timer.cpp in Sources */ = {isa = PBXBuildFile; fileRef = 60EC246B1F68CA30006BFDA6 /* Timer.cpp */; };
		6098E5FC1F80850B00FECFA5 /* Resources.cpp in Sources */ = {isa = PBXBuildFile; fileRef = 60EC246E1F68CF44006BFDA6 /* Resources.cpp */; };
		6098E5FD1F80850B00FECFA5 /* RenderPass.cpp in Sources */ = {isa = PBXBuildFile; fileRef = 60EC24711F690204006BFDA6 /* RenderPass.cpp */; };
		6098E5FE1F80850B00FECFA5 /* Input.cpp in Sources */ = {isa = PBXBuildFile; fileRef = 60E00ADF1F6A5AB1003CCA29 /* Input.cpp */; };
		6098E5FF1F80850B00FECFA5 /* Animation.cpp in Sources */ = {isa = PBXBuildFile; fileRef = 60F6A3E71F6AC68A005595B2 /* Animation.cpp */; };
		6098E6001F80850B00FECFA5 /* BoxCollider.cpp in Sources */ = {isa = PBXBuildFile; fileRef = 603C30961F6BDEB700E91948 /* BoxCollider.cpp */; };
		6098E6011F80850B00FECFA5 /* Status.cpp in Sources */ = {isa = PBXBuildFile; fileRef = 607DB6E81F6E02D90052786F /* Status.cpp */; };
		6098E6021F80850B00FECFA5 /* Game.cpp in Sources */ = {isa = PBXBuildFile; fileRef = 60AAF1341F6FF2A000AE8050 /* Game.cpp */; };
		6098E6031F80850B00FECFA5 /* Particle.cpp in Sources */ = {isa = PBXBuildFile; fileRef = 604677D91F72057700EE35F9 /* Particle.cpp */; };
		6098E6041F80850B00FECFA5 /* ParticleSystem.cpp in Sources */ = {isa = PBXBuildFile; fileRef = 604677DC1F72059900EE35F9 /* ParticleSystem.cpp */; };
		6098E6051F80850B00FECFA5 /* Audio.cpp in Sources */ = {isa = PBXBuildFile; fileRef = 603942D51F764CCE004B3336 /* Audio.cpp */; };
		6098E6061F80850B00FECFA5 /* TileObject.cpp in Sources */ = {isa = PBXBuildFile; fileRef = 607DB6E51F6D2AA40052786F /* TileObject.cpp */; };
		6098E6071F80850B00FECFA5 /* ColliderObject.cpp in Sources */ = {isa = PBXBuildFile; fileRef = 607DB6EB1F6E08350052786F /* ColliderObject.cpp */; };
		6098E6081F80850B00FECFA5 /* DamageZone.cpp in Sources */ = {isa = PBXBuildFile; fileRef = 607F754B1F7911AB00D5A891 /* DamageZone.cpp */; };
		6098E6091F80850B00FECFA5 /* NoneObject.cpp in Sources */ = {isa = PBXBuildFile; fileRef = 60AAF12B1F6F3C1A00AE8050 /* NoneObject.cpp */; };
		6098E60A1F80850B00FECFA5 /* OffsetObject.cpp in Sources */ = {isa = PBXBuildFile; fileRef = 604677D61F71FDF800EE35F9 /* OffsetObject.cpp */; };
		6098E60B1F80850B00FECFA5 /* AnimationObject.cpp in Sources */ = {isa = PBXBuildFile; fileRef = 604677E51F7235E600EE35F9 /* AnimationObject.cpp */; };
		6098E60C1F80850B00FECFA5 /* Player.cpp in Sources */ = {isa = PBXBuildFile; fileRef = 60E00ADC1F6A1166003CCA29 /* Player.cpp */; };
		6098E60D1F80850B00FECFA5 /* Bullet.cpp in Sources */ = {isa = PBXBuildFile; fileRef = 604677D31F71F6A000EE35F9 /* Bullet.cpp */; };
		6098E60E1F80850B00FECFA5 /* Crab.cpp in Sources */ = {isa = PBXBuildFile; fileRef = 604677DF1F721C8400EE35F9 /* Crab.cpp */; };
		6098E60F1F80850B00FECFA5 /* Flyer.cpp in Sources */ = {isa = PBXBuildFile; fileRef = 6039434C1F77B62E004B3336 /* Flyer.cpp */; };
		6098E6101F80850B00FECFA5 /* Jumper.cpp in Sources */ = {isa = PBXBuildFile; fileRef = 6039434F1F77BEA7004B3336 /* Jumper.cpp */; };
		6098E6111F80850B00FECFA5 /* Ghost.cpp in Sources */ = {isa = PBXBuildFile; fileRef = 603943521F77C3FB004B3336 /* Ghost.cpp */; };
		6098E6121F80850B00FECFA5 /* Ball.cpp in Sources */ = {isa = PBXBuildFile; fileRef = 603943551F77C77D004B3336 /* Ball.cpp */; };
		6098E6131F80850B00FECFA5 /* Boss.cpp in Sources */ = {isa = PBXBuildFile; fileRef = 60302AF01F788D1D005A9951 /* Boss.cpp */; };
		6098E6141F80850B00FECFA5 /* BossBullet.cpp in Sources */ = {isa = PBXBuildFile; fileRef = 60302AF31F789240005A9951 /* BossBullet.cpp */; };
		6098E6151F80850B00FECFA5 /* BossCore.cpp in Sources */ = {isa = PBXBuildFile; fileRef = 60302AF61F789254005A9951 /* BossCore.cpp */; };
		6098E6161F80850B00FECFA5 /* BossDeathBite.cpp in Sources */ = {isa = PBXBuildFile; fileRef = 60302AF91F789277005A9951 /* BossDeathBite.cpp */; };
		6098E6171F80850B00FECFA5 /* BossDeathWall.cpp in Sources */ = {isa = PBXBuildFile; fileRef = 60302AFC1F78928C005A9951 /* BossDeathWall.cpp */; };
		6098E6181F80850B00FECFA5 /* Orb.cpp in Sources */ = {isa = PBXBuildFile; fileRef = 604677E21F722B7500EE35F9 /* Orb.cpp */; };
		6098E6191F80850B00FECFA5 /* Item.cpp in Sources */ = {isa = PBXBuildFile; fileRef = 60302AFF1F78C2A5005A9951 /* Item.cpp */; };
		6098E61A1F80850B00FECFA5 /* AIObject.cpp in Sources */ = {isa = PBXBuildFile; fileRef = 604677E81F73473C00EE35F9 /* AIObject.cpp */; };
		6098E61B1F80850B00FECFA5 /* Block.cpp in Sources */ = {isa = PBXBuildFile; fileRef = 604677EB1F73493700EE35F9 /* Block.cpp */; };
		6098E61C1F80850B00FECFA5 /* UIObject.cpp in Sources */ = {isa = PBXBuildFile; fileRef = 604677EE1F73513B00EE35F9 /* UIObject.cpp */; };
		6098E61D1F80850B00FECFA5 /* Score.cpp in Sources */ = {isa = PBXBuildFile; fileRef = 604677F11F73AB2300EE35F9 /* Score.cpp */; };
		6098E61E1F80850B00FECFA5 /* CheckPoint.cpp in Sources */ = {isa = PBXBuildFile; fileRef = 604677FA1F73E66300EE35F9 /* CheckPoint.cpp */; };
		6098E61F1F80850B00FECFA5 /* GameObject.cpp in Sources */ = {isa = PBXBuildFile; fileRef = 603943071F77879B004B3336 /* GameObject.cpp */; };
		6098E6201F80850B00FECFA5 /* SceneManager.cpp in Sources */ = {isa = PBXBuildFile; fileRef = 60AAF1311F6F79CA00AE8050 /* SceneManager.cpp */; };
		6098E6211F80850B00FECFA5 /* TiledMap.cpp in Sources */ = {isa = PBXBuildFile; fileRef = 6039430A1F7787B8004B3336 /* TiledMap.cpp */; };
		6098E6221F80850B00FECFA5 /* Scene.cpp in Sources */ = {isa = PBXBuildFile; fileRef = 603C309A1F6BF91500E91948 /* Scene.cpp */; };
		6098E6231F80850B00FECFA5 /* Scene00.cpp in Sources */ = {isa = PBXBuildFile; fileRef = 60AAF12E1F6F78E600AE8050 /* Scene00.cpp */; };
		6098E6241F80850B00FECFA5 /* Scene01.cpp in Sources */ = {isa = PBXBuildFile; fileRef = 604677F71F73DEAA00EE35F9 /* Scene01.cpp */; };
		6098E6251F80850B00FECFA5 /* Scene02.cpp in Sources */ = {isa = PBXBuildFile; fileRef = 604677F41F73DE9600EE35F9 /* Scene02.cpp */; };
		6098E6261F80850B00FECFA5 /* Scene03.cpp in Sources */ = {isa = PBXBuildFile; fileRef = 6039430D1F778831004B3336 /* Scene03.cpp */; };
		6098E6271F80850B00FECFA5 /* Scene04.cpp in Sources */ = {isa = PBXBuildFile; fileRef = 603943101F7794E9004B3336 /* Scene04.cpp */; };
		6098E6281F80850B00FECFA5 /* Scene05.cpp in Sources */ = {isa = PBXBuildFile; fileRef = 603943121F7794E9004B3336 /* Scene05.cpp */; };
		6098E6291F80850B00FECFA5 /* Scene06.cpp in Sources */ = {isa = PBXBuildFile; fileRef = 603943141F7794E9004B3336 /* Scene06.cpp */; };
		6098E62A1F80850B00FECFA5 /* Scene07.cpp in Sources */ = {isa = PBXBuildFile; fileRef = 603943161F7794E9004B3336 /* Scene07.cpp */; };
		6098E62B1F80850B00FECFA5 /* Scene08.cpp in Sources */ = {isa = PBXBuildFile; fileRef = 603943181F7794E9004B3336 /* Scene08.cpp */; };
		6098E62C1F80850B00FECFA5 /* Scene09.cpp in Sources */ = {isa = PBXBuildFile; fileRef = 6039431A1F7794E9004B3336 /* Scene09.cpp */; };
		6098E62D1F80850B00FECFA5 /* Scene10.cpp in Sources */ = {isa = PBXBuildFile; fileRef = 6039431C1F7794E9004B3336 /* Scene10.cpp */; };
		6098E62E1F80850B00FECFA5 /* Scene11.cpp in Sources */ = {isa = PBXBuildFile; fileRef = 6039431E1F7794E9004B3336 /* Scene11.cpp */; };
		6098E62F1F80850B00FECFA5 /* Scene12.cpp in Sources */ = {isa = PBXBuildFile; fileRef = 603943201F7794E9004B3336 /* Scene12.cpp */; };
		6098E6301F80850B00FECFA5 /* Scene13.cpp in Sources */ = {isa = PBXBuildFile; fileRef = 603943221F7794E9004B3336 /* Scene13.cpp */; };
		6098E6311F80850B00FECFA5 /* Scene14.cpp in Sources */ = {isa = PBXBuildFile; fileRef = 603943241F7794E9004B3336 /* Scene14.cpp */; };
		6098E6321F80850B00FECFA5 /* Scene15.cpp in Sources */ = {isa = PBXBuildFile; fileRef = 603943261F7794E9004B3336 /* Scene15.cpp */; };
		6098E6331F80850B00FECFA5 /* Scene16.cpp in Sources */ = {isa = PBXBuildFile; fileRef = 603943281F7794E9004B3336 /* Scene16.cpp */; };
		6098E6341F80850B00FECFA5 /* Scene17.cpp in Sources */ = {isa = PBXBuildFile; fileRef = 6039432A1F7794E9004B3336 /* Scene17.cpp */; };
		6098E6351F80850B00FECFA5 /* Scene18.cpp in Sources */ = {isa = PBXBuildFile; fileRef = 6039432C1F7794E9004B3336 /* Scene18.cpp */; };
		6098E6361F80850B00FECFA5 /* Scene19.cpp in Sources */ = {isa = PBXBuildFile; fileRef = 6039432E1F7794E9004B3336 /* Scene19.cpp */; };
		6098E6371F80850B00FECFA5 /* Scene20.cpp in Sources */ = {isa = PBXBuildFile; fileRef = 603943301F7794E9004B3336 /* Scene20.cpp */; };
		6098E6381F80850B00FECFA5 /* Scene21.cpp in Sources */ = {isa = PBXBuildFile; fileRef = 603943321F7794E9004B3336 /* Scene21.cpp */; };
		6098E6391F80850B00FECFA5 /* Scene22.cpp in Sources */ = {isa = PBXBuildFile; fileRef = 603943341F7794E9004B3336 /* Scene22.cpp */; };
		6098E63A1F80850B00FECFA5 /* Scene23.cpp in Sources */ = {isa = PBXBuildFile; fileRef = 603943361F7794E9004B3336 /* Scene23.cpp */; };
		6098E63B1F80850B00FECFA5 /* SceneGameOver.cpp in Sources */ = {isa = PBXBuildFile; fileRef = 604677FD1F74A3DD00EE35F9 /* SceneGameOver.cpp */; };
		6098E63C1F80850B00FECFA5 /* SceneTitle.cpp in Sources */ = {isa = PBXBuildFile; fileRef = 604678001F74C02C00EE35F9 /* SceneTitle.cpp */; };
		6098E63D1F80850B00FECFA5 /* main.cpp in Sources */ = {isa = PBXBuildFile; fileRef = 60B425411F64D7E600BEE84C /* main.cpp */; };
		6098E6401F8085BE00FECFA5 /* OpenGL.framework in Frameworks */ = {isa = PBXBuildFile; fileRef = 60B425491F64D7F800BEE84C /* OpenGL.framework */; };
		6098E6451F8087AA00FECFA5 /* Assets in Resources */ = {isa = PBXBuildFile; fileRef = 6098E6441F80875400FECFA5 /* Assets */; };
		6098E6471F8087AA00FECFA5 /* Maps in Resources */ = {isa = PBXBuildFile; fileRef = 6098E6421F80875400FECFA5 /* Maps */; };
		6098E6511F80889400FECFA5 /* Shader in Resources */ = {isa = PBXBuildFile; fileRef = 6098E6501F80888700FECFA5 /* Shader */; };
		6098E65E1F809C1200FECFA5 /* libirrklang.dylib in Copy Files */ = {isa = PBXBuildFile; fileRef = 6098E65D1F809C1200FECFA5 /* libirrklang.dylib */; settings = {ATTRIBUTES = (CodeSignOnCopy, ); }; };
		6098E6661F80A1D700FECFA5 /* Assets.xcassets in Resources */ = {isa = PBXBuildFile; fileRef = 6098E6611F809E5500FECFA5 /* Assets.xcassets */; };
		6098E6791F80ABEA00FECFA5 /* libGLEW.2.0.0.dylib in Copy Files */ = {isa = PBXBuildFile; fileRef = 6098E6751F80ABBF00FECFA5 /* libGLEW.2.0.0.dylib */; settings = {ATTRIBUTES = (CodeSignOnCopy, ); }; };
		6098E67A1F80ABEA00FECFA5 /* libglfw.3.2.dylib in Copy Files */ = {isa = PBXBuildFile; fileRef = 6098E6761F80ABC000FECFA5 /* libglfw.3.2.dylib */; settings = {ATTRIBUTES = (CodeSignOnCopy, ); }; };
/* End PBXBuildFile section */

/* Begin PBXCopyFilesBuildPhase section */
		6098E6481F8087C800FECFA5 /* Copy Files */ = {
			isa = PBXCopyFilesBuildPhase;
			buildActionMask = 2147483647;
			dstPath = "";
			dstSubfolderSpec = 10;
			files = (
				6098E6791F80ABEA00FECFA5 /* libGLEW.2.0.0.dylib in Copy Files */,
				6098E67A1F80ABEA00FECFA5 /* libglfw.3.2.dylib in Copy Files */,
				6098E65E1F809C1200FECFA5 /* libirrklang.dylib in Copy Files */,
			);
			name = "Copy Files";
			runOnlyForDeploymentPostprocessing = 0;
		};
/* End PBXCopyFilesBuildPhase section */

/* Begin PBXFileReference section */
		60302AF01F788D1D005A9951 /* Boss.cpp */ = {isa = PBXFileReference; fileEncoding = 4; lastKnownFileType = sourcecode.cpp.cpp; name = Boss.cpp; path = GameObjects/Boss.cpp; sourceTree = "<group>"; };
		60302AF11F788D1D005A9951 /* Boss.hpp */ = {isa = PBXFileReference; fileEncoding = 4; lastKnownFileType = sourcecode.cpp.h; name = Boss.hpp; path = GameObjects/Boss.hpp; sourceTree = "<group>"; };
		60302AF31F789240005A9951 /* BossBullet.cpp */ = {isa = PBXFileReference; fileEncoding = 4; lastKnownFileType = sourcecode.cpp.cpp; name = BossBullet.cpp; path = GameObjects/BossBullet.cpp; sourceTree = "<group>"; };
		60302AF41F789240005A9951 /* BossBullet.hpp */ = {isa = PBXFileReference; fileEncoding = 4; lastKnownFileType = sourcecode.cpp.h; name = BossBullet.hpp; path = GameObjects/BossBullet.hpp; sourceTree = "<group>"; };
		60302AF61F789254005A9951 /* BossCore.cpp */ = {isa = PBXFileReference; fileEncoding = 4; lastKnownFileType = sourcecode.cpp.cpp; name = BossCore.cpp; path = GameObjects/BossCore.cpp; sourceTree = "<group>"; };
		60302AF71F789254005A9951 /* BossCore.hpp */ = {isa = PBXFileReference; fileEncoding = 4; lastKnownFileType = sourcecode.cpp.h; name = BossCore.hpp; path = GameObjects/BossCore.hpp; sourceTree = "<group>"; };
		60302AF91F789277005A9951 /* BossDeathBite.cpp */ = {isa = PBXFileReference; fileEncoding = 4; lastKnownFileType = sourcecode.cpp.cpp; name = BossDeathBite.cpp; path = GameObjects/BossDeathBite.cpp; sourceTree = "<group>"; };
		60302AFA1F789277005A9951 /* BossDeathBite.hpp */ = {isa = PBXFileReference; fileEncoding = 4; lastKnownFileType = sourcecode.cpp.h; name = BossDeathBite.hpp; path = GameObjects/BossDeathBite.hpp; sourceTree = "<group>"; };
		60302AFC1F78928C005A9951 /* BossDeathWall.cpp */ = {isa = PBXFileReference; fileEncoding = 4; lastKnownFileType = sourcecode.cpp.cpp; name = BossDeathWall.cpp; path = GameObjects/BossDeathWall.cpp; sourceTree = "<group>"; };
		60302AFD1F78928C005A9951 /* BossDeathWall.hpp */ = {isa = PBXFileReference; fileEncoding = 4; lastKnownFileType = sourcecode.cpp.h; name = BossDeathWall.hpp; path = GameObjects/BossDeathWall.hpp; sourceTree = "<group>"; };
		60302AFF1F78C2A5005A9951 /* Item.cpp */ = {isa = PBXFileReference; fileEncoding = 4; lastKnownFileType = sourcecode.cpp.cpp; name = Item.cpp; path = GameObjects/Item.cpp; sourceTree = "<group>"; };
		60302B001F78C2A5005A9951 /* Item.hpp */ = {isa = PBXFileReference; fileEncoding = 4; lastKnownFileType = sourcecode.cpp.h; name = Item.hpp; path = GameObjects/Item.hpp; sourceTree = "<group>"; };
		603942D51F764CCE004B3336 /* Audio.cpp */ = {isa = PBXFileReference; fileEncoding = 4; lastKnownFileType = sourcecode.cpp.cpp; name = Audio.cpp; path = Engine/Audio.cpp; sourceTree = "<group>"; };
		603942D61F764CCE004B3336 /* Audio.hpp */ = {isa = PBXFileReference; fileEncoding = 4; lastKnownFileType = sourcecode.cpp.h; name = Audio.hpp; path = Engine/Audio.hpp; sourceTree = "<group>"; };
		603943071F77879B004B3336 /* GameObject.cpp */ = {isa = PBXFileReference; fileEncoding = 4; lastKnownFileType = sourcecode.cpp.cpp; name = GameObject.cpp; path = GameObjects/GameObject.cpp; sourceTree = "<group>"; };
		603943081F77879B004B3336 /* GameObject.hpp */ = {isa = PBXFileReference; fileEncoding = 4; lastKnownFileType = sourcecode.cpp.h; name = GameObject.hpp; path = GameObjects/GameObject.hpp; sourceTree = "<group>"; };
		6039430A1F7787B8004B3336 /* TiledMap.cpp */ = {isa = PBXFileReference; fileEncoding = 4; lastKnownFileType = sourcecode.cpp.cpp; name = TiledMap.cpp; path = Scene/TiledMap.cpp; sourceTree = "<group>"; };
		6039430B1F7787B8004B3336 /* TiledMap.hpp */ = {isa = PBXFileReference; fileEncoding = 4; lastKnownFileType = sourcecode.cpp.h; name = TiledMap.hpp; path = Scene/TiledMap.hpp; sourceTree = "<group>"; };
		6039430D1F778831004B3336 /* Scene03.cpp */ = {isa = PBXFileReference; fileEncoding = 4; lastKnownFileType = sourcecode.cpp.cpp; name = Scene03.cpp; path = Scene/Scene03.cpp; sourceTree = "<group>"; };
		6039430E1F778831004B3336 /* Scene03.hpp */ = {isa = PBXFileReference; fileEncoding = 4; lastKnownFileType = sourcecode.cpp.h; name = Scene03.hpp; path = Scene/Scene03.hpp; sourceTree = "<group>"; };
		603943101F7794E9004B3336 /* Scene04.cpp */ = {isa = PBXFileReference; fileEncoding = 4; lastKnownFileType = sourcecode.cpp.cpp; name = Scene04.cpp; path = Scene/Scene04.cpp; sourceTree = "<group>"; };
		603943111F7794E9004B3336 /* Scene04.hpp */ = {isa = PBXFileReference; fileEncoding = 4; lastKnownFileType = sourcecode.cpp.h; name = Scene04.hpp; path = Scene/Scene04.hpp; sourceTree = "<group>"; };
		603943121F7794E9004B3336 /* Scene05.cpp */ = {isa = PBXFileReference; fileEncoding = 4; lastKnownFileType = sourcecode.cpp.cpp; name = Scene05.cpp; path = Scene/Scene05.cpp; sourceTree = "<group>"; };
		603943131F7794E9004B3336 /* Scene05.hpp */ = {isa = PBXFileReference; fileEncoding = 4; lastKnownFileType = sourcecode.cpp.h; name = Scene05.hpp; path = Scene/Scene05.hpp; sourceTree = "<group>"; };
		603943141F7794E9004B3336 /* Scene06.cpp */ = {isa = PBXFileReference; fileEncoding = 4; lastKnownFileType = sourcecode.cpp.cpp; name = Scene06.cpp; path = Scene/Scene06.cpp; sourceTree = "<group>"; };
		603943151F7794E9004B3336 /* Scene06.hpp */ = {isa = PBXFileReference; fileEncoding = 4; lastKnownFileType = sourcecode.cpp.h; name = Scene06.hpp; path = Scene/Scene06.hpp; sourceTree = "<group>"; };
		603943161F7794E9004B3336 /* Scene07.cpp */ = {isa = PBXFileReference; fileEncoding = 4; lastKnownFileType = sourcecode.cpp.cpp; name = Scene07.cpp; path = Scene/Scene07.cpp; sourceTree = "<group>"; };
		603943171F7794E9004B3336 /* Scene07.hpp */ = {isa = PBXFileReference; fileEncoding = 4; lastKnownFileType = sourcecode.cpp.h; name = Scene07.hpp; path = Scene/Scene07.hpp; sourceTree = "<group>"; };
		603943181F7794E9004B3336 /* Scene08.cpp */ = {isa = PBXFileReference; fileEncoding = 4; lastKnownFileType = sourcecode.cpp.cpp; name = Scene08.cpp; path = Scene/Scene08.cpp; sourceTree = "<group>"; };
		603943191F7794E9004B3336 /* Scene08.hpp */ = {isa = PBXFileReference; fileEncoding = 4; lastKnownFileType = sourcecode.cpp.h; name = Scene08.hpp; path = Scene/Scene08.hpp; sourceTree = "<group>"; };
		6039431A1F7794E9004B3336 /* Scene09.cpp */ = {isa = PBXFileReference; fileEncoding = 4; lastKnownFileType = sourcecode.cpp.cpp; name = Scene09.cpp; path = Scene/Scene09.cpp; sourceTree = "<group>"; };
		6039431B1F7794E9004B3336 /* Scene09.hpp */ = {isa = PBXFileReference; fileEncoding = 4; lastKnownFileType = sourcecode.cpp.h; name = Scene09.hpp; path = Scene/Scene09.hpp; sourceTree = "<group>"; };
		6039431C1F7794E9004B3336 /* Scene10.cpp */ = {isa = PBXFileReference; fileEncoding = 4; lastKnownFileType = sourcecode.cpp.cpp; name = Scene10.cpp; path = Scene/Scene10.cpp; sourceTree = "<group>"; };
		6039431D1F7794E9004B3336 /* Scene10.hpp */ = {isa = PBXFileReference; fileEncoding = 4; lastKnownFileType = sourcecode.cpp.h; name = Scene10.hpp; path = Scene/Scene10.hpp; sourceTree = "<group>"; };
		6039431E1F7794E9004B3336 /* Scene11.cpp */ = {isa = PBXFileReference; fileEncoding = 4; lastKnownFileType = sourcecode.cpp.cpp; name = Scene11.cpp; path = Scene/Scene11.cpp; sourceTree = "<group>"; };
		6039431F1F7794E9004B3336 /* Scene11.hpp */ = {isa = PBXFileReference; fileEncoding = 4; lastKnownFileType = sourcecode.cpp.h; name = Scene11.hpp; path = Scene/Scene11.hpp; sourceTree = "<group>"; };
		603943201F7794E9004B3336 /* Scene12.cpp */ = {isa = PBXFileReference; fileEncoding = 4; lastKnownFileType = sourcecode.cpp.cpp; name = Scene12.cpp; path = Scene/Scene12.cpp; sourceTree = "<group>"; };
		603943211F7794E9004B3336 /* Scene12.hpp */ = {isa = PBXFileReference; fileEncoding = 4; lastKnownFileType = sourcecode.cpp.h; name = Scene12.hpp; path = Scene/Scene12.hpp; sourceTree = "<group>"; };
		603943221F7794E9004B3336 /* Scene13.cpp */ = {isa = PBXFileReference; fileEncoding = 4; lastKnownFileType = sourcecode.cpp.cpp; name = Scene13.cpp; path = Scene/Scene13.cpp; sourceTree = "<group>"; };
		603943231F7794E9004B3336 /* Scene13.hpp */ = {isa = PBXFileReference; fileEncoding = 4; lastKnownFileType = sourcecode.cpp.h; name = Scene13.hpp; path = Scene/Scene13.hpp; sourceTree = "<group>"; };
		603943241F7794E9004B3336 /* Scene14.cpp */ = {isa = PBXFileReference; fileEncoding = 4; lastKnownFileType = sourcecode.cpp.cpp; name = Scene14.cpp; path = Scene/Scene14.cpp; sourceTree = "<group>"; };
		603943251F7794E9004B3336 /* Scene14.hpp */ = {isa = PBXFileReference; fileEncoding = 4; lastKnownFileType = sourcecode.cpp.h; name = Scene14.hpp; path = Scene/Scene14.hpp; sourceTree = "<group>"; };
		603943261F7794E9004B3336 /* Scene15.cpp */ = {isa = PBXFileReference; fileEncoding = 4; lastKnownFileType = sourcecode.cpp.cpp; name = Scene15.cpp; path = Scene/Scene15.cpp; sourceTree = "<group>"; };
		603943271F7794E9004B3336 /* Scene15.hpp */ = {isa = PBXFileReference; fileEncoding = 4; lastKnownFileType = sourcecode.cpp.h; name = Scene15.hpp; path = Scene/Scene15.hpp; sourceTree = "<group>"; };
		603943281F7794E9004B3336 /* Scene16.cpp */ = {isa = PBXFileReference; fileEncoding = 4; lastKnownFileType = sourcecode.cpp.cpp; name = Scene16.cpp; path = Scene/Scene16.cpp; sourceTree = "<group>"; };
		603943291F7794E9004B3336 /* Scene16.hpp */ = {isa = PBXFileReference; fileEncoding = 4; lastKnownFileType = sourcecode.cpp.h; name = Scene16.hpp; path = Scene/Scene16.hpp; sourceTree = "<group>"; };
		6039432A1F7794E9004B3336 /* Scene17.cpp */ = {isa = PBXFileReference; fileEncoding = 4; lastKnownFileType = sourcecode.cpp.cpp; name = Scene17.cpp; path = Scene/Scene17.cpp; sourceTree = "<group>"; };
		6039432B1F7794E9004B3336 /* Scene17.hpp */ = {isa = PBXFileReference; fileEncoding = 4; lastKnownFileType = sourcecode.cpp.h; name = Scene17.hpp; path = Scene/Scene17.hpp; sourceTree = "<group>"; };
		6039432C1F7794E9004B3336 /* Scene18.cpp */ = {isa = PBXFileReference; fileEncoding = 4; lastKnownFileType = sourcecode.cpp.cpp; name = Scene18.cpp; path = Scene/Scene18.cpp; sourceTree = "<group>"; };
		6039432D1F7794E9004B3336 /* Scene18.hpp */ = {isa = PBXFileReference; fileEncoding = 4; lastKnownFileType = sourcecode.cpp.h; name = Scene18.hpp; path = Scene/Scene18.hpp; sourceTree = "<group>"; };
		6039432E1F7794E9004B3336 /* Scene19.cpp */ = {isa = PBXFileReference; fileEncoding = 4; lastKnownFileType = sourcecode.cpp.cpp; name = Scene19.cpp; path = Scene/Scene19.cpp; sourceTree = "<group>"; };
		6039432F1F7794E9004B3336 /* Scene19.hpp */ = {isa = PBXFileReference; fileEncoding = 4; lastKnownFileType = sourcecode.cpp.h; name = Scene19.hpp; path = Scene/Scene19.hpp; sourceTree = "<group>"; };
		603943301F7794E9004B3336 /* Scene20.cpp */ = {isa = PBXFileReference; fileEncoding = 4; lastKnownFileType = sourcecode.cpp.cpp; name = Scene20.cpp; path = Scene/Scene20.cpp; sourceTree = "<group>"; };
		603943311F7794E9004B3336 /* Scene20.hpp */ = {isa = PBXFileReference; fileEncoding = 4; lastKnownFileType = sourcecode.cpp.h; name = Scene20.hpp; path = Scene/Scene20.hpp; sourceTree = "<group>"; };
		603943321F7794E9004B3336 /* Scene21.cpp */ = {isa = PBXFileReference; fileEncoding = 4; lastKnownFileType = sourcecode.cpp.cpp; name = Scene21.cpp; path = Scene/Scene21.cpp; sourceTree = "<group>"; };
		603943331F7794E9004B3336 /* Scene21.hpp */ = {isa = PBXFileReference; fileEncoding = 4; lastKnownFileType = sourcecode.cpp.h; name = Scene21.hpp; path = Scene/Scene21.hpp; sourceTree = "<group>"; };
		603943341F7794E9004B3336 /* Scene22.cpp */ = {isa = PBXFileReference; fileEncoding = 4; lastKnownFileType = sourcecode.cpp.cpp; name = Scene22.cpp; path = Scene/Scene22.cpp; sourceTree = "<group>"; };
		603943351F7794E9004B3336 /* Scene22.hpp */ = {isa = PBXFileReference; fileEncoding = 4; lastKnownFileType = sourcecode.cpp.h; name = Scene22.hpp; path = Scene/Scene22.hpp; sourceTree = "<group>"; };
		603943361F7794E9004B3336 /* Scene23.cpp */ = {isa = PBXFileReference; fileEncoding = 4; lastKnownFileType = sourcecode.cpp.cpp; name = Scene23.cpp; path = Scene/Scene23.cpp; sourceTree = "<group>"; };
		603943371F7794E9004B3336 /* Scene23.hpp */ = {isa = PBXFileReference; fileEncoding = 4; lastKnownFileType = sourcecode.cpp.h; name = Scene23.hpp; path = Scene/Scene23.hpp; sourceTree = "<group>"; };
		6039434C1F77B62E004B3336 /* Flyer.cpp */ = {isa = PBXFileReference; fileEncoding = 4; lastKnownFileType = sourcecode.cpp.cpp; name = Flyer.cpp; path = GameObjects/Flyer.cpp; sourceTree = "<group>"; };
		6039434D1F77B62E004B3336 /* Flyer.hpp */ = {isa = PBXFileReference; fileEncoding = 4; lastKnownFileType = sourcecode.cpp.h; name = Flyer.hpp; path = GameObjects/Flyer.hpp; sourceTree = "<group>"; };
		6039434F1F77BEA7004B3336 /* Jumper.cpp */ = {isa = PBXFileReference; fileEncoding = 4; lastKnownFileType = sourcecode.cpp.cpp; name = Jumper.cpp; path = GameObjects/Jumper.cpp; sourceTree = "<group>"; };
		603943501F77BEA7004B3336 /* Jumper.hpp */ = {isa = PBXFileReference; fileEncoding = 4; lastKnownFileType = sourcecode.cpp.h; name = Jumper.hpp; path = GameObjects/Jumper.hpp; sourceTree = "<group>"; };
		603943521F77C3FB004B3336 /* Ghost.cpp */ = {isa = PBXFileReference; fileEncoding = 4; lastKnownFileType = sourcecode.cpp.cpp; name = Ghost.cpp; path = GameObjects/Ghost.cpp; sourceTree = "<group>"; };
		603943531F77C3FB004B3336 /* Ghost.hpp */ = {isa = PBXFileReference; fileEncoding = 4; lastKnownFileType = sourcecode.cpp.h; name = Ghost.hpp; path = GameObjects/Ghost.hpp; sourceTree = "<group>"; };
		603943551F77C77D004B3336 /* Ball.cpp */ = {isa = PBXFileReference; fileEncoding = 4; lastKnownFileType = sourcecode.cpp.cpp; name = Ball.cpp; path = GameObjects/Ball.cpp; sourceTree = "<group>"; };
		603943561F77C77D004B3336 /* Ball.hpp */ = {isa = PBXFileReference; fileEncoding = 4; lastKnownFileType = sourcecode.cpp.h; name = Ball.hpp; path = GameObjects/Ball.hpp; sourceTree = "<group>"; };
		603C30961F6BDEB700E91948 /* BoxCollider.cpp */ = {isa = PBXFileReference; fileEncoding = 4; lastKnownFileType = sourcecode.cpp.cpp; name = BoxCollider.cpp; path = Engine/BoxCollider.cpp; sourceTree = "<group>"; };
		603C30971F6BDEB700E91948 /* BoxCollider.hpp */ = {isa = PBXFileReference; fileEncoding = 4; lastKnownFileType = sourcecode.cpp.h; name = BoxCollider.hpp; path = Engine/BoxCollider.hpp; sourceTree = "<group>"; };
		603C309A1F6BF91500E91948 /* Scene.cpp */ = {isa = PBXFileReference; fileEncoding = 4; lastKnownFileType = sourcecode.cpp.cpp; name = Scene.cpp; path = Scene/Scene.cpp; sourceTree = "<group>"; };
		603C309B1F6BF91500E91948 /* Scene.hpp */ = {isa = PBXFileReference; fileEncoding = 4; lastKnownFileType = sourcecode.cpp.h; name = Scene.hpp; path = Scene/Scene.hpp; sourceTree = "<group>"; };
		604677D31F71F6A000EE35F9 /* Bullet.cpp */ = {isa = PBXFileReference; fileEncoding = 4; lastKnownFileType = sourcecode.cpp.cpp; name = Bullet.cpp; path = GameObjects/Bullet.cpp; sourceTree = "<group>"; };
		604677D41F71F6A000EE35F9 /* Bullet.hpp */ = {isa = PBXFileReference; fileEncoding = 4; lastKnownFileType = sourcecode.cpp.h; name = Bullet.hpp; path = GameObjects/Bullet.hpp; sourceTree = "<group>"; };
		604677D61F71FDF800EE35F9 /* OffsetObject.cpp */ = {isa = PBXFileReference; fileEncoding = 4; lastKnownFileType = sourcecode.cpp.cpp; name = OffsetObject.cpp; path = GameObjects/OffsetObject.cpp; sourceTree = "<group>"; };
		604677D71F71FDF800EE35F9 /* OffsetObject.hpp */ = {isa = PBXFileReference; fileEncoding = 4; lastKnownFileType = sourcecode.cpp.h; name = OffsetObject.hpp; path = GameObjects/OffsetObject.hpp; sourceTree = "<group>"; };
		604677D91F72057700EE35F9 /* Particle.cpp */ = {isa = PBXFileReference; fileEncoding = 4; lastKnownFileType = sourcecode.cpp.cpp; name = Particle.cpp; path = Engine/Particle.cpp; sourceTree = "<group>"; };
		604677DA1F72057700EE35F9 /* Particle.hpp */ = {isa = PBXFileReference; fileEncoding = 4; lastKnownFileType = sourcecode.cpp.h; name = Particle.hpp; path = Engine/Particle.hpp; sourceTree = "<group>"; };
		604677DC1F72059900EE35F9 /* ParticleSystem.cpp */ = {isa = PBXFileReference; fileEncoding = 4; lastKnownFileType = sourcecode.cpp.cpp; name = ParticleSystem.cpp; path = Engine/ParticleSystem.cpp; sourceTree = "<group>"; };
		604677DD1F72059900EE35F9 /* ParticleSystem.hpp */ = {isa = PBXFileReference; fileEncoding = 4; lastKnownFileType = sourcecode.cpp.h; name = ParticleSystem.hpp; path = Engine/ParticleSystem.hpp; sourceTree = "<group>"; };
		604677DF1F721C8400EE35F9 /* Crab.cpp */ = {isa = PBXFileReference; fileEncoding = 4; lastKnownFileType = sourcecode.cpp.cpp; name = Crab.cpp; path = GameObjects/Crab.cpp; sourceTree = "<group>"; };
		604677E01F721C8400EE35F9 /* Crab.hpp */ = {isa = PBXFileReference; fileEncoding = 4; lastKnownFileType = sourcecode.cpp.h; name = Crab.hpp; path = GameObjects/Crab.hpp; sourceTree = "<group>"; };
		604677E21F722B7500EE35F9 /* Orb.cpp */ = {isa = PBXFileReference; fileEncoding = 4; lastKnownFileType = sourcecode.cpp.cpp; name = Orb.cpp; path = GameObjects/Orb.cpp; sourceTree = "<group>"; };
		604677E31F722B7500EE35F9 /* Orb.hpp */ = {isa = PBXFileReference; fileEncoding = 4; lastKnownFileType = sourcecode.cpp.h; name = Orb.hpp; path = GameObjects/Orb.hpp; sourceTree = "<group>"; };
		604677E51F7235E600EE35F9 /* AnimationObject.cpp */ = {isa = PBXFileReference; fileEncoding = 4; lastKnownFileType = sourcecode.cpp.cpp; name = AnimationObject.cpp; path = GameObjects/AnimationObject.cpp; sourceTree = "<group>"; };
		604677E61F7235E600EE35F9 /* AnimationObject.hpp */ = {isa = PBXFileReference; fileEncoding = 4; lastKnownFileType = sourcecode.cpp.h; name = AnimationObject.hpp; path = GameObjects/AnimationObject.hpp; sourceTree = "<group>"; };
		604677E81F73473C00EE35F9 /* AIObject.cpp */ = {isa = PBXFileReference; fileEncoding = 4; lastKnownFileType = sourcecode.cpp.cpp; name = AIObject.cpp; path = GameObjects/AIObject.cpp; sourceTree = "<group>"; };
		604677E91F73473C00EE35F9 /* AIObject.hpp */ = {isa = PBXFileReference; fileEncoding = 4; lastKnownFileType = sourcecode.cpp.h; name = AIObject.hpp; path = GameObjects/AIObject.hpp; sourceTree = "<group>"; };
		604677EB1F73493700EE35F9 /* Block.cpp */ = {isa = PBXFileReference; fileEncoding = 4; lastKnownFileType = sourcecode.cpp.cpp; name = Block.cpp; path = GameObjects/Block.cpp; sourceTree = "<group>"; };
		604677EC1F73493700EE35F9 /* Block.hpp */ = {isa = PBXFileReference; fileEncoding = 4; lastKnownFileType = sourcecode.cpp.h; name = Block.hpp; path = GameObjects/Block.hpp; sourceTree = "<group>"; };
		604677EE1F73513B00EE35F9 /* UIObject.cpp */ = {isa = PBXFileReference; fileEncoding = 4; lastKnownFileType = sourcecode.cpp.cpp; name = UIObject.cpp; path = GameObjects/UIObject.cpp; sourceTree = "<group>"; };
		604677EF1F73513B00EE35F9 /* UIObject.hpp */ = {isa = PBXFileReference; fileEncoding = 4; lastKnownFileType = sourcecode.cpp.h; name = UIObject.hpp; path = GameObjects/UIObject.hpp; sourceTree = "<group>"; };
		604677F11F73AB2300EE35F9 /* Score.cpp */ = {isa = PBXFileReference; fileEncoding = 4; lastKnownFileType = sourcecode.cpp.cpp; name = Score.cpp; path = GameObjects/Score.cpp; sourceTree = "<group>"; };
		604677F21F73AB2300EE35F9 /* Score.hpp */ = {isa = PBXFileReference; fileEncoding = 4; lastKnownFileType = sourcecode.cpp.h; name = Score.hpp; path = GameObjects/Score.hpp; sourceTree = "<group>"; };
		604677F41F73DE9600EE35F9 /* Scene02.cpp */ = {isa = PBXFileReference; fileEncoding = 4; lastKnownFileType = sourcecode.cpp.cpp; name = Scene02.cpp; path = Scene/Scene02.cpp; sourceTree = "<group>"; };
		604677F51F73DE9600EE35F9 /* Scene02.hpp */ = {isa = PBXFileReference; fileEncoding = 4; lastKnownFileType = sourcecode.cpp.h; name = Scene02.hpp; path = Scene/Scene02.hpp; sourceTree = "<group>"; };
		604677F71F73DEAA00EE35F9 /* Scene01.cpp */ = {isa = PBXFileReference; fileEncoding = 4; lastKnownFileType = sourcecode.cpp.cpp; name = Scene01.cpp; path = Scene/Scene01.cpp; sourceTree = "<group>"; };
		604677F81F73DEAA00EE35F9 /* Scene01.hpp */ = {isa = PBXFileReference; fileEncoding = 4; lastKnownFileType = sourcecode.cpp.h; name = Scene01.hpp; path = Scene/Scene01.hpp; sourceTree = "<group>"; };
		604677FA1F73E66300EE35F9 /* CheckPoint.cpp */ = {isa = PBXFileReference; fileEncoding = 4; lastKnownFileType = sourcecode.cpp.cpp; name = CheckPoint.cpp; path = GameObjects/CheckPoint.cpp; sourceTree = "<group>"; };
		604677FB1F73E66300EE35F9 /* CheckPoint.hpp */ = {isa = PBXFileReference; fileEncoding = 4; lastKnownFileType = sourcecode.cpp.h; name = CheckPoint.hpp; path = GameObjects/CheckPoint.hpp; sourceTree = "<group>"; };
		604677FD1F74A3DD00EE35F9 /* SceneGameOver.cpp */ = {isa = PBXFileReference; fileEncoding = 4; lastKnownFileType = sourcecode.cpp.cpp; name = SceneGameOver.cpp; path = Scene/SceneGameOver.cpp; sourceTree = "<group>"; };
		604677FE1F74A3DD00EE35F9 /* SceneGameOver.hpp */ = {isa = PBXFileReference; fileEncoding = 4; lastKnownFileType = sourcecode.cpp.h; name = SceneGameOver.hpp; path = Scene/SceneGameOver.hpp; sourceTree = "<group>"; };
		604678001F74C02C00EE35F9 /* SceneTitle.cpp */ = {isa = PBXFileReference; fileEncoding = 4; lastKnownFileType = sourcecode.cpp.cpp; name = SceneTitle.cpp; path = Scene/SceneTitle.cpp; sourceTree = "<group>"; };
		604678011F74C02C00EE35F9 /* SceneTitle.hpp */ = {isa = PBXFileReference; fileEncoding = 4; lastKnownFileType = sourcecode.cpp.h; name = SceneTitle.hpp; path = Scene/SceneTitle.hpp; sourceTree = "<group>"; };
		605509DE1FD67CB9007DC0A8 /* Last Planet.entitlements */ = {isa = PBXFileReference; lastKnownFileType = text.plist.entitlements; path = "Last Planet.entitlements"; sourceTree = "<group>"; };
		607DB6E51F6D2AA40052786F /* TileObject.cpp */ = {isa = PBXFileReference; fileEncoding = 4; lastKnownFileType = sourcecode.cpp.cpp; name = TileObject.cpp; path = GameObjects/TileObject.cpp; sourceTree = "<group>"; };
		607DB6E61F6D2AA40052786F /* TileObject.hpp */ = {isa = PBXFileReference; fileEncoding = 4; lastKnownFileType = sourcecode.cpp.h; name = TileObject.hpp; path = GameObjects/TileObject.hpp; sourceTree = "<group>"; };
		607DB6E81F6E02D90052786F /* Status.cpp */ = {isa = PBXFileReference; fileEncoding = 4; lastKnownFileType = sourcecode.cpp.cpp; name = Status.cpp; path = Engine/Status.cpp; sourceTree = "<group>"; };
		607DB6E91F6E02D90052786F /* Status.hpp */ = {isa = PBXFileReference; fileEncoding = 4; lastKnownFileType = sourcecode.cpp.h; name = Status.hpp; path = Engine/Status.hpp; sourceTree = "<group>"; };
		607DB6EB1F6E08350052786F /* ColliderObject.cpp */ = {isa = PBXFileReference; fileEncoding = 4; lastKnownFileType = sourcecode.cpp.cpp; name = ColliderObject.cpp; path = GameObjects/ColliderObject.cpp; sourceTree = "<group>"; };
		607DB6EC1F6E08350052786F /* ColliderObject.hpp */ = {isa = PBXFileReference; fileEncoding = 4; lastKnownFileType = sourcecode.cpp.h; name = ColliderObject.hpp; path = GameObjects/ColliderObject.hpp; sourceTree = "<group>"; };
		607F754B1F7911AB00D5A891 /* DamageZone.cpp */ = {isa = PBXFileReference; fileEncoding = 4; lastKnownFileType = sourcecode.cpp.cpp; name = DamageZone.cpp; path = GameObjects/DamageZone.cpp; sourceTree = "<group>"; };
		607F754C1F7911AB00D5A891 /* DamageZone.hpp */ = {isa = PBXFileReference; fileEncoding = 4; lastKnownFileType = sourcecode.cpp.h; name = DamageZone.hpp; path = GameObjects/DamageZone.hpp; sourceTree = "<group>"; };
		6098E5E51F8084D100FECFA5 /* Last Planet.app */ = {isa = PBXFileReference; explicitFileType = wrapper.application; includeInIndex = 0; path = "Last Planet.app"; sourceTree = BUILT_PRODUCTS_DIR; };
		6098E6421F80875400FECFA5 /* Maps */ = {isa = PBXFileReference; lastKnownFileType = folder; path = Maps; sourceTree = "<group>"; };
		6098E6441F80875400FECFA5 /* Assets */ = {isa = PBXFileReference; lastKnownFileType = folder; path = Assets; sourceTree = "<group>"; };
		6098E6501F80888700FECFA5 /* Shader */ = {isa = PBXFileReference; lastKnownFileType = folder; path = Shader; sourceTree = "<group>"; };
		6098E65D1F809C1200FECFA5 /* libirrklang.dylib */ = {isa = PBXFileReference; lastKnownFileType = "compiled.mach-o.dylib"; name = libirrklang.dylib; path = "vania-OpenGL/Libraries/irrKlang/lib/libirrklang.dylib"; sourceTree = "<group>"; };
		6098E6601F809E5500FECFA5 /* AppDelegate.swift */ = {isa = PBXFileReference; lastKnownFileType = sourcecode.swift; path = AppDelegate.swift; sourceTree = "<group>"; };
		6098E6611F809E5500FECFA5 /* Assets.xcassets */ = {isa = PBXFileReference; lastKnownFileType = folder.assetcatalog; path = Assets.xcassets; sourceTree = "<group>"; };
		6098E6631F809E5500FECFA5 /* Base */ = {isa = PBXFileReference; lastKnownFileType = file.xib; name = Base; path = Base.lproj/MainMenu.xib; sourceTree = "<group>"; };
		6098E6641F809E5500FECFA5 /* Info.plist */ = {isa = PBXFileReference; lastKnownFileType = text.plist.xml; path = Info.plist; sourceTree = "<group>"; };
		6098E6651F809E5500FECFA5 /* Last_Planet.entitlements */ = {isa = PBXFileReference; lastKnownFileType = text.plist.entitlements; path = Last_Planet.entitlements; sourceTree = "<group>"; };
		6098E6751F80ABBF00FECFA5 /* libGLEW.2.0.0.dylib */ = {isa = PBXFileReference; lastKnownFileType = "compiled.mach-o.dylib"; name = libGLEW.2.0.0.dylib; path = "vania-OpenGL/Libraries/OpenGL/libGLEW.2.0.0.dylib"; sourceTree = "<group>"; };
		6098E6761F80ABC000FECFA5 /* libglfw.3.2.dylib */ = {isa = PBXFileReference; lastKnownFileType = "compiled.mach-o.dylib"; name = libglfw.3.2.dylib; path = "vania-OpenGL/Libraries/OpenGL/libglfw.3.2.dylib"; sourceTree = "<group>"; };
		60AAF12B1F6F3C1A00AE8050 /* NoneObject.cpp */ = {isa = PBXFileReference; fileEncoding = 4; lastKnownFileType = sourcecode.cpp.cpp; name = NoneObject.cpp; path = GameObjects/NoneObject.cpp; sourceTree = "<group>"; };
		60AAF12C1F6F3C1A00AE8050 /* NoneObject.hpp */ = {isa = PBXFileReference; fileEncoding = 4; lastKnownFileType = sourcecode.cpp.h; name = NoneObject.hpp; path = GameObjects/NoneObject.hpp; sourceTree = "<group>"; };
		60AAF12E1F6F78E600AE8050 /* Scene00.cpp */ = {isa = PBXFileReference; fileEncoding = 4; lastKnownFileType = sourcecode.cpp.cpp; name = Scene00.cpp; path = Scene/Scene00.cpp; sourceTree = "<group>"; };
		60AAF12F1F6F78E600AE8050 /* Scene00.hpp */ = {isa = PBXFileReference; fileEncoding = 4; lastKnownFileType = sourcecode.cpp.h; name = Scene00.hpp; path = Scene/Scene00.hpp; sourceTree = "<group>"; };
		60AAF1311F6F79CA00AE8050 /* SceneManager.cpp */ = {isa = PBXFileReference; fileEncoding = 4; lastKnownFileType = sourcecode.cpp.cpp; name = SceneManager.cpp; path = Scene/SceneManager.cpp; sourceTree = "<group>"; };
		60AAF1321F6F79CA00AE8050 /* SceneManager.hpp */ = {isa = PBXFileReference; fileEncoding = 4; lastKnownFileType = sourcecode.cpp.h; name = SceneManager.hpp; path = Scene/SceneManager.hpp; sourceTree = "<group>"; };
		60AAF1341F6FF2A000AE8050 /* Game.cpp */ = {isa = PBXFileReference; fileEncoding = 4; lastKnownFileType = sourcecode.cpp.cpp; name = Game.cpp; path = Engine/Game.cpp; sourceTree = "<group>"; };
		60AAF1351F6FF2A000AE8050 /* Game.hpp */ = {isa = PBXFileReference; fileEncoding = 4; lastKnownFileType = sourcecode.cpp.h; name = Game.hpp; path = Engine/Game.hpp; sourceTree = "<group>"; };
		60B425411F64D7E600BEE84C /* main.cpp */ = {isa = PBXFileReference; lastKnownFileType = sourcecode.cpp.cpp; path = main.cpp; sourceTree = "<group>"; };
		60B425491F64D7F800BEE84C /* OpenGL.framework */ = {isa = PBXFileReference; lastKnownFileType = wrapper.framework; name = OpenGL.framework; path = System/Library/Frameworks/OpenGL.framework; sourceTree = SDKROOT; };
		60B425511F64DC8B00BEE84C /* Engine.cpp */ = {isa = PBXFileReference; fileEncoding = 4; lastKnownFileType = sourcecode.cpp.cpp; name = Engine.cpp; path = Engine/Engine.cpp; sourceTree = "<group>"; };
		60B425521F64DC8B00BEE84C /* Engine.hpp */ = {isa = PBXFileReference; fileEncoding = 4; lastKnownFileType = sourcecode.cpp.h; name = Engine.hpp; path = Engine/Engine.hpp; sourceTree = "<group>"; };
		60E00ADC1F6A1166003CCA29 /* Player.cpp */ = {isa = PBXFileReference; fileEncoding = 4; lastKnownFileType = sourcecode.cpp.cpp; name = Player.cpp; path = GameObjects/Player.cpp; sourceTree = "<group>"; };
		60E00ADD1F6A1166003CCA29 /* Player.hpp */ = {isa = PBXFileReference; fileEncoding = 4; lastKnownFileType = sourcecode.cpp.h; name = Player.hpp; path = GameObjects/Player.hpp; sourceTree = "<group>"; };
		60E00ADF1F6A5AB1003CCA29 /* Input.cpp */ = {isa = PBXFileReference; fileEncoding = 4; lastKnownFileType = sourcecode.cpp.cpp; name = Input.cpp; path = Engine/Input.cpp; sourceTree = "<group>"; };
		60E00AE01F6A5AB1003CCA29 /* Input.hpp */ = {isa = PBXFileReference; fileEncoding = 4; lastKnownFileType = sourcecode.cpp.h; name = Input.hpp; path = Engine/Input.hpp; sourceTree = "<group>"; };
		60EC246B1F68CA30006BFDA6 /* Timer.cpp */ = {isa = PBXFileReference; fileEncoding = 4; lastKnownFileType = sourcecode.cpp.cpp; name = Timer.cpp; path = Engine/Timer.cpp; sourceTree = "<group>"; };
		60EC246C1F68CA30006BFDA6 /* Timer.hpp */ = {isa = PBXFileReference; fileEncoding = 4; lastKnownFileType = sourcecode.cpp.h; name = Timer.hpp; path = Engine/Timer.hpp; sourceTree = "<group>"; };
		60EC246E1F68CF44006BFDA6 /* Resources.cpp */ = {isa = PBXFileReference; fileEncoding = 4; lastKnownFileType = sourcecode.cpp.cpp; name = Resources.cpp; path = Engine/Resources.cpp; sourceTree = "<group>"; };
		60EC246F1F68CF44006BFDA6 /* Resources.hpp */ = {isa = PBXFileReference; fileEncoding = 4; lastKnownFileType = sourcecode.cpp.h; name = Resources.hpp; path = Engine/Resources.hpp; sourceTree = "<group>"; };
		60EC24711F690204006BFDA6 /* RenderPass.cpp */ = {isa = PBXFileReference; fileEncoding = 4; lastKnownFileType = sourcecode.cpp.cpp; name = RenderPass.cpp; path = Engine/RenderPass.cpp; sourceTree = "<group>"; };
		60EC24721F690204006BFDA6 /* RenderPass.hpp */ = {isa = PBXFileReference; fileEncoding = 4; lastKnownFileType = sourcecode.cpp.h; name = RenderPass.hpp; path = Engine/RenderPass.hpp; sourceTree = "<group>"; };
		60EC92771F65DE89006F0902 /* stb_image.h */ = {isa = PBXFileReference; fileEncoding = 4; lastKnownFileType = sourcecode.c.h; name = stb_image.h; path = Engine/stb_image.h; sourceTree = "<group>"; };
		60EE18BB1F6616BC000C6F0D /* Camera.cpp */ = {isa = PBXFileReference; fileEncoding = 4; lastKnownFileType = sourcecode.cpp.cpp; name = Camera.cpp; path = Engine/Camera.cpp; sourceTree = "<group>"; };
		60EE18BC1F6616BC000C6F0D /* Camera.hpp */ = {isa = PBXFileReference; fileEncoding = 4; lastKnownFileType = sourcecode.cpp.h; name = Camera.hpp; path = Engine/Camera.hpp; sourceTree = "<group>"; };
		60EE18CA1F6657E8000C6F0D /* Transform.cpp */ = {isa = PBXFileReference; fileEncoding = 4; lastKnownFileType = sourcecode.cpp.cpp; name = Transform.cpp; path = Engine/Transform.cpp; sourceTree = "<group>"; };
		60EE18CB1F6657E8000C6F0D /* Transform.hpp */ = {isa = PBXFileReference; fileEncoding = 4; lastKnownFileType = sourcecode.cpp.h; name = Transform.hpp; path = Engine/Transform.hpp; sourceTree = "<group>"; };
		60F0259C1F64E3AC0022EC73 /* Window.cpp */ = {isa = PBXFileReference; fileEncoding = 4; lastKnownFileType = sourcecode.cpp.cpp; name = Window.cpp; path = Engine/Window.cpp; sourceTree = "<group>"; };
		60F0259D1F64E3AC0022EC73 /* Window.hpp */ = {isa = PBXFileReference; fileEncoding = 4; lastKnownFileType = sourcecode.cpp.h; name = Window.hpp; path = Engine/Window.hpp; sourceTree = "<group>"; };
		60F0259F1F64E7A70022EC73 /* Shader.cpp */ = {isa = PBXFileReference; fileEncoding = 4; lastKnownFileType = sourcecode.cpp.cpp; name = Shader.cpp; path = Engine/Shader.cpp; sourceTree = "<group>"; };
		60F025A01F64E7A70022EC73 /* Shader.hpp */ = {isa = PBXFileReference; fileEncoding = 4; lastKnownFileType = sourcecode.cpp.h; name = Shader.hpp; path = Engine/Shader.hpp; sourceTree = "<group>"; };
		60F2A7D11F67B4480068C4E7 /* Quad.cpp */ = {isa = PBXFileReference; fileEncoding = 4; lastKnownFileType = sourcecode.cpp.cpp; name = Quad.cpp; path = Engine/Quad.cpp; sourceTree = "<group>"; };
		60F2A7D21F67B4480068C4E7 /* Quad.hpp */ = {isa = PBXFileReference; fileEncoding = 4; lastKnownFileType = sourcecode.cpp.h; name = Quad.hpp; path = Engine/Quad.hpp; sourceTree = "<group>"; };
		60F2A7D41F67C2050068C4E7 /* Sprite.cpp */ = {isa = PBXFileReference; fileEncoding = 4; lastKnownFileType = sourcecode.cpp.cpp; name = Sprite.cpp; path = Engine/Sprite.cpp; sourceTree = "<group>"; };
		60F2A7D51F67C2050068C4E7 /* Sprite.hpp */ = {isa = PBXFileReference; fileEncoding = 4; lastKnownFileType = sourcecode.cpp.h; name = Sprite.hpp; path = Engine/Sprite.hpp; sourceTree = "<group>"; };
		60F2A7D71F67C4C80068C4E7 /* Texture.cpp */ = {isa = PBXFileReference; fileEncoding = 4; lastKnownFileType = sourcecode.cpp.cpp; name = Texture.cpp; path = Engine/Texture.cpp; sourceTree = "<group>"; };
		60F2A7D81F67C4C80068C4E7 /* Texture.hpp */ = {isa = PBXFileReference; fileEncoding = 4; lastKnownFileType = sourcecode.cpp.h; name = Texture.hpp; path = Engine/Texture.hpp; sourceTree = "<group>"; };
		60F6A3E71F6AC68A005595B2 /* Animation.cpp */ = {isa = PBXFileReference; fileEncoding = 4; lastKnownFileType = sourcecode.cpp.cpp; name = Animation.cpp; path = Engine/Animation.cpp; sourceTree = "<group>"; };
		60F6A3E81F6AC68A005595B2 /* Animation.hpp */ = {isa = PBXFileReference; fileEncoding = 4; lastKnownFileType = sourcecode.cpp.h; name = Animation.hpp; path = Engine/Animation.hpp; sourceTree = "<group>"; };
/* End PBXFileReference section */

/* Begin PBXFrameworksBuildPhase section */
		6098E5E21F8084D100FECFA5 /* Frameworks */ = {
			isa = PBXFrameworksBuildPhase;
			buildActionMask = 2147483647;
			files = (
				6098E6401F8085BE00FECFA5 /* OpenGL.framework in Frameworks */,
			);
			runOnlyForDeploymentPostprocessing = 0;
		};
/* End PBXFrameworksBuildPhase section */

/* Begin PBXGroup section */
		603C30991F6BF8BF00E91948 /* Scene */ = {
			isa = PBXGroup;
			children = (
				60AAF1311F6F79CA00AE8050 /* SceneManager.cpp */,
				60AAF1321F6F79CA00AE8050 /* SceneManager.hpp */,
				6039430A1F7787B8004B3336 /* TiledMap.cpp */,
				6039430B1F7787B8004B3336 /* TiledMap.hpp */,
				603C309A1F6BF91500E91948 /* Scene.cpp */,
				603C309B1F6BF91500E91948 /* Scene.hpp */,
				60AAF12E1F6F78E600AE8050 /* Scene00.cpp */,
				60AAF12F1F6F78E600AE8050 /* Scene00.hpp */,
				604677F71F73DEAA00EE35F9 /* Scene01.cpp */,
				604677F81F73DEAA00EE35F9 /* Scene01.hpp */,
				604677F41F73DE9600EE35F9 /* Scene02.cpp */,
				604677F51F73DE9600EE35F9 /* Scene02.hpp */,
				6039430D1F778831004B3336 /* Scene03.cpp */,
				6039430E1F778831004B3336 /* Scene03.hpp */,
				603943101F7794E9004B3336 /* Scene04.cpp */,
				603943111F7794E9004B3336 /* Scene04.hpp */,
				603943121F7794E9004B3336 /* Scene05.cpp */,
				603943131F7794E9004B3336 /* Scene05.hpp */,
				603943141F7794E9004B3336 /* Scene06.cpp */,
				603943151F7794E9004B3336 /* Scene06.hpp */,
				603943161F7794E9004B3336 /* Scene07.cpp */,
				603943171F7794E9004B3336 /* Scene07.hpp */,
				603943181F7794E9004B3336 /* Scene08.cpp */,
				603943191F7794E9004B3336 /* Scene08.hpp */,
				6039431A1F7794E9004B3336 /* Scene09.cpp */,
				6039431B1F7794E9004B3336 /* Scene09.hpp */,
				6039431C1F7794E9004B3336 /* Scene10.cpp */,
				6039431D1F7794E9004B3336 /* Scene10.hpp */,
				6039431E1F7794E9004B3336 /* Scene11.cpp */,
				6039431F1F7794E9004B3336 /* Scene11.hpp */,
				603943201F7794E9004B3336 /* Scene12.cpp */,
				603943211F7794E9004B3336 /* Scene12.hpp */,
				603943221F7794E9004B3336 /* Scene13.cpp */,
				603943231F7794E9004B3336 /* Scene13.hpp */,
				603943241F7794E9004B3336 /* Scene14.cpp */,
				603943251F7794E9004B3336 /* Scene14.hpp */,
				603943261F7794E9004B3336 /* Scene15.cpp */,
				603943271F7794E9004B3336 /* Scene15.hpp */,
				603943281F7794E9004B3336 /* Scene16.cpp */,
				603943291F7794E9004B3336 /* Scene16.hpp */,
				6039432A1F7794E9004B3336 /* Scene17.cpp */,
				6039432B1F7794E9004B3336 /* Scene17.hpp */,
				6039432C1F7794E9004B3336 /* Scene18.cpp */,
				6039432D1F7794E9004B3336 /* Scene18.hpp */,
				6039432E1F7794E9004B3336 /* Scene19.cpp */,
				6039432F1F7794E9004B3336 /* Scene19.hpp */,
				603943301F7794E9004B3336 /* Scene20.cpp */,
				603943311F7794E9004B3336 /* Scene20.hpp */,
				603943321F7794E9004B3336 /* Scene21.cpp */,
				603943331F7794E9004B3336 /* Scene21.hpp */,
				603943341F7794E9004B3336 /* Scene22.cpp */,
				603943351F7794E9004B3336 /* Scene22.hpp */,
				603943361F7794E9004B3336 /* Scene23.cpp */,
				603943371F7794E9004B3336 /* Scene23.hpp */,
				604677FD1F74A3DD00EE35F9 /* SceneGameOver.cpp */,
				604677FE1F74A3DD00EE35F9 /* SceneGameOver.hpp */,
				604678001F74C02C00EE35F9 /* SceneTitle.cpp */,
				604678011F74C02C00EE35F9 /* SceneTitle.hpp */,
			);
			name = Scene;
			sourceTree = "<group>";
		};
		6098E65F1F809E5500FECFA5 /* Last Planet */ = {
			isa = PBXGroup;
			children = (
				605509DE1FD67CB9007DC0A8 /* Last Planet.entitlements */,
				6098E6601F809E5500FECFA5 /* AppDelegate.swift */,
				6098E6611F809E5500FECFA5 /* Assets.xcassets */,
				6098E6621F809E5500FECFA5 /* MainMenu.xib */,
				6098E6641F809E5500FECFA5 /* Info.plist */,
				6098E6651F809E5500FECFA5 /* Last_Planet.entitlements */,
			);
			path = "Last Planet";
			sourceTree = "<group>";
		};
		60B425351F64D7E600BEE84C = {
			isa = PBXGroup;
			children = (
				6098E6501F80888700FECFA5 /* Shader */,
				6098E6441F80875400FECFA5 /* Assets */,
				6098E6421F80875400FECFA5 /* Maps */,
				6098E65F1F809E5500FECFA5 /* Last Planet */,
				60B425401F64D7E600BEE84C /* vania-OpenGL */,
				60B4253F1F64D7E600BEE84C /* Products */,
				60B425481F64D7F700BEE84C /* Frameworks */,
			);
			sourceTree = "<group>";
		};
		60B4253F1F64D7E600BEE84C /* Products */ = {
			isa = PBXGroup;
			children = (
				6098E5E51F8084D100FECFA5 /* Last Planet.app */,
			);
			name = Products;
			sourceTree = "<group>";
		};
		60B425401F64D7E600BEE84C /* vania-OpenGL */ = {
			isa = PBXGroup;
			children = (
				60B425541F64DCA300BEE84C /* Engine */,
				60E00ADB1F6A110E003CCA29 /* GameObject */,
				603C30991F6BF8BF00E91948 /* Scene */,
				60B425411F64D7E600BEE84C /* main.cpp */,
			);
			path = "vania-OpenGL";
			sourceTree = "<group>";
		};
		60B425481F64D7F700BEE84C /* Frameworks */ = {
			isa = PBXGroup;
			children = (
				6098E6751F80ABBF00FECFA5 /* libGLEW.2.0.0.dylib */,
				6098E6761F80ABC000FECFA5 /* libglfw.3.2.dylib */,
				6098E65D1F809C1200FECFA5 /* libirrklang.dylib */,
				60B425491F64D7F800BEE84C /* OpenGL.framework */,
			);
			name = Frameworks;
			sourceTree = "<group>";
		};
		60B425541F64DCA300BEE84C /* Engine */ = {
			isa = PBXGroup;
			children = (
				60EC92771F65DE89006F0902 /* stb_image.h */,
				60F2A7D41F67C2050068C4E7 /* Sprite.cpp */,
				60F2A7D51F67C2050068C4E7 /* Sprite.hpp */,
				60B425511F64DC8B00BEE84C /* Engine.cpp */,
				60B425521F64DC8B00BEE84C /* Engine.hpp */,
				60F2A7D71F67C4C80068C4E7 /* Texture.cpp */,
				60F2A7D81F67C4C80068C4E7 /* Texture.hpp */,
				60F2A7D11F67B4480068C4E7 /* Quad.cpp */,
				60F2A7D21F67B4480068C4E7 /* Quad.hpp */,
				60F0259C1F64E3AC0022EC73 /* Window.cpp */,
				60F0259D1F64E3AC0022EC73 /* Window.hpp */,
				60F0259F1F64E7A70022EC73 /* Shader.cpp */,
				60F025A01F64E7A70022EC73 /* Shader.hpp */,
				60EE18BB1F6616BC000C6F0D /* Camera.cpp */,
				60EE18BC1F6616BC000C6F0D /* Camera.hpp */,
				60EE18CA1F6657E8000C6F0D /* Transform.cpp */,
				60EE18CB1F6657E8000C6F0D /* Transform.hpp */,
				60EC246B1F68CA30006BFDA6 /* Timer.cpp */,
				60EC246C1F68CA30006BFDA6 /* Timer.hpp */,
				60EC246E1F68CF44006BFDA6 /* Resources.cpp */,
				60EC246F1F68CF44006BFDA6 /* Resources.hpp */,
				60EC24711F690204006BFDA6 /* RenderPass.cpp */,
				60EC24721F690204006BFDA6 /* RenderPass.hpp */,
				60E00ADF1F6A5AB1003CCA29 /* Input.cpp */,
				60E00AE01F6A5AB1003CCA29 /* Input.hpp */,
				60F6A3E71F6AC68A005595B2 /* Animation.cpp */,
				60F6A3E81F6AC68A005595B2 /* Animation.hpp */,
				603C30961F6BDEB700E91948 /* BoxCollider.cpp */,
				603C30971F6BDEB700E91948 /* BoxCollider.hpp */,
				607DB6E81F6E02D90052786F /* Status.cpp */,
				607DB6E91F6E02D90052786F /* Status.hpp */,
				60AAF1341F6FF2A000AE8050 /* Game.cpp */,
				60AAF1351F6FF2A000AE8050 /* Game.hpp */,
				604677D91F72057700EE35F9 /* Particle.cpp */,
				604677DA1F72057700EE35F9 /* Particle.hpp */,
				604677DC1F72059900EE35F9 /* ParticleSystem.cpp */,
				604677DD1F72059900EE35F9 /* ParticleSystem.hpp */,
				603942D51F764CCE004B3336 /* Audio.cpp */,
				603942D61F764CCE004B3336 /* Audio.hpp */,
			);
			name = Engine;
			sourceTree = "<group>";
		};
		60E00ADB1F6A110E003CCA29 /* GameObject */ = {
			isa = PBXGroup;
			children = (
				607DB6E51F6D2AA40052786F /* TileObject.cpp */,
				607DB6E61F6D2AA40052786F /* TileObject.hpp */,
				607DB6EB1F6E08350052786F /* ColliderObject.cpp */,
				607DB6EC1F6E08350052786F /* ColliderObject.hpp */,
				607F754B1F7911AB00D5A891 /* DamageZone.cpp */,
				607F754C1F7911AB00D5A891 /* DamageZone.hpp */,
				60AAF12B1F6F3C1A00AE8050 /* NoneObject.cpp */,
				60AAF12C1F6F3C1A00AE8050 /* NoneObject.hpp */,
				604677D61F71FDF800EE35F9 /* OffsetObject.cpp */,
				604677D71F71FDF800EE35F9 /* OffsetObject.hpp */,
				604677E51F7235E600EE35F9 /* AnimationObject.cpp */,
				604677E61F7235E600EE35F9 /* AnimationObject.hpp */,
				60E00ADC1F6A1166003CCA29 /* Player.cpp */,
				60E00ADD1F6A1166003CCA29 /* Player.hpp */,
				604677D31F71F6A000EE35F9 /* Bullet.cpp */,
				604677D41F71F6A000EE35F9 /* Bullet.hpp */,
				604677DF1F721C8400EE35F9 /* Crab.cpp */,
				604677E01F721C8400EE35F9 /* Crab.hpp */,
				6039434C1F77B62E004B3336 /* Flyer.cpp */,
				6039434D1F77B62E004B3336 /* Flyer.hpp */,
				6039434F1F77BEA7004B3336 /* Jumper.cpp */,
				603943501F77BEA7004B3336 /* Jumper.hpp */,
				603943521F77C3FB004B3336 /* Ghost.cpp */,
				603943531F77C3FB004B3336 /* Ghost.hpp */,
				603943551F77C77D004B3336 /* Ball.cpp */,
				603943561F77C77D004B3336 /* Ball.hpp */,
				60302AF01F788D1D005A9951 /* Boss.cpp */,
				60302AF11F788D1D005A9951 /* Boss.hpp */,
				60302AF31F789240005A9951 /* BossBullet.cpp */,
				60302AF41F789240005A9951 /* BossBullet.hpp */,
				60302AF61F789254005A9951 /* BossCore.cpp */,
				60302AF71F789254005A9951 /* BossCore.hpp */,
				60302AF91F789277005A9951 /* BossDeathBite.cpp */,
				60302AFA1F789277005A9951 /* BossDeathBite.hpp */,
				60302AFC1F78928C005A9951 /* BossDeathWall.cpp */,
				60302AFD1F78928C005A9951 /* BossDeathWall.hpp */,
				604677E21F722B7500EE35F9 /* Orb.cpp */,
				604677E31F722B7500EE35F9 /* Orb.hpp */,
				60302AFF1F78C2A5005A9951 /* Item.cpp */,
				60302B001F78C2A5005A9951 /* Item.hpp */,
				604677E81F73473C00EE35F9 /* AIObject.cpp */,
				604677E91F73473C00EE35F9 /* AIObject.hpp */,
				604677EB1F73493700EE35F9 /* Block.cpp */,
				604677EC1F73493700EE35F9 /* Block.hpp */,
				604677EE1F73513B00EE35F9 /* UIObject.cpp */,
				604677EF1F73513B00EE35F9 /* UIObject.hpp */,
				604677F11F73AB2300EE35F9 /* Score.cpp */,
				604677F21F73AB2300EE35F9 /* Score.hpp */,
				604677FA1F73E66300EE35F9 /* CheckPoint.cpp */,
				604677FB1F73E66300EE35F9 /* CheckPoint.hpp */,
				603943071F77879B004B3336 /* GameObject.cpp */,
				603943081F77879B004B3336 /* GameObject.hpp */,
			);
			name = GameObject;
			sourceTree = "<group>";
		};
/* End PBXGroup section */

/* Begin PBXNativeTarget section */
		6098E5E41F8084D100FECFA5 /* Last Planet */ = {
			isa = PBXNativeTarget;
			buildConfigurationList = 6098E5F21F8084D100FECFA5 /* Build configuration list for PBXNativeTarget "Last Planet" */;
			buildPhases = (
				6098E5E11F8084D100FECFA5 /* Sources */,
				6098E5E21F8084D100FECFA5 /* Frameworks */,
				6098E6481F8087C800FECFA5 /* Copy Files */,
				6098E5E31F8084D100FECFA5 /* Resources */,
			);
			buildRules = (
			);
			dependencies = (
			);
			name = "Last Planet";
			productName = "Last Planet";
			productReference = 6098E5E51F8084D100FECFA5 /* Last Planet.app */;
			productType = "com.apple.product-type.application";
		};
/* End PBXNativeTarget section */

/* Begin PBXProject section */
		60B425361F64D7E600BEE84C /* Project object */ = {
			isa = PBXProject;
			attributes = {
				LastSwiftUpdateCheck = 0900;
				LastUpgradeCheck = 0830;
				ORGANIZATIONNAME = haijian;
				TargetAttributes = {
					6098E5E41F8084D100FECFA5 = {
						CreatedOnToolsVersion = 9.0;
						DevelopmentTeam = 4M5A36G82A;
						ProvisioningStyle = Automatic;
						SystemCapabilities = {
							com.apple.Sandbox = {
								enabled = 1;
							};
						};
					};
				};
			};
			buildConfigurationList = 60B425391F64D7E600BEE84C /* Build configuration list for PBXProject "vania-OpenGL" */;
			compatibilityVersion = "Xcode 3.2";
			developmentRegion = English;
			hasScannedForEncodings = 0;
			knownRegions = (
				en,
				Base,
			);
			mainGroup = 60B425351F64D7E600BEE84C;
			productRefGroup = 60B4253F1F64D7E600BEE84C /* Products */;
			projectDirPath = "";
			projectRoot = "";
			targets = (
				6098E5E41F8084D100FECFA5 /* Last Planet */,
			);
		};
/* End PBXProject section */

/* Begin PBXResourcesBuildPhase section */
		6098E5E31F8084D100FECFA5 /* Resources */ = {
			isa = PBXResourcesBuildPhase;
			buildActionMask = 2147483647;
			files = (
				6098E6511F80889400FECFA5 /* Shader in Resources */,
				6098E6451F8087AA00FECFA5 /* Assets in Resources */,
				6098E6661F80A1D700FECFA5 /* Assets.xcassets in Resources */,
				6098E6471F8087AA00FECFA5 /* Maps in Resources */,
			);
			runOnlyForDeploymentPostprocessing = 0;
		};
/* End PBXResourcesBuildPhase section */

/* Begin PBXSourcesBuildPhase section */
		6098E5E11F8084D100FECFA5 /* Sources */ = {
			isa = PBXSourcesBuildPhase;
			buildActionMask = 2147483647;
			files = (
				6098E5F31F80850B00FECFA5 /* Sprite.cpp in Sources */,
				6098E5F41F80850B00FECFA5 /* Engine.cpp in Sources */,
				6098E5F51F80850B00FECFA5 /* Texture.cpp in Sources */,
				6098E5F61F80850B00FECFA5 /* Quad.cpp in Sources */,
				6098E5F71F80850B00FECFA5 /* Window.cpp in Sources */,
				6098E5F81F80850B00FECFA5 /* Shader.cpp in Sources */,
				6098E5F91F80850B00FECFA5 /* Camera.cpp in Sources */,
				6098E5FA1F80850B00FECFA5 /* Transform.cpp in Sources */,
				6098E5FB1F80850B00FECFA5 /* Timer.cpp in Sources */,
				6098E5FC1F80850B00FECFA5 /* Resources.cpp in Sources */,
				6098E5FD1F80850B00FECFA5 /* RenderPass.cpp in Sources */,
				6098E5FE1F80850B00FECFA5 /* Input.cpp in Sources */,
				6098E5FF1F80850B00FECFA5 /* Animation.cpp in Sources */,
				6098E6001F80850B00FECFA5 /* BoxCollider.cpp in Sources */,
				6098E6011F80850B00FECFA5 /* Status.cpp in Sources */,
				6098E6021F80850B00FECFA5 /* Game.cpp in Sources */,
				6098E6031F80850B00FECFA5 /* Particle.cpp in Sources */,
				6098E6041F80850B00FECFA5 /* ParticleSystem.cpp in Sources */,
				6098E6051F80850B00FECFA5 /* Audio.cpp in Sources */,
				6098E6061F80850B00FECFA5 /* TileObject.cpp in Sources */,
				6098E6071F80850B00FECFA5 /* ColliderObject.cpp in Sources */,
				6098E6081F80850B00FECFA5 /* DamageZone.cpp in Sources */,
				6098E6091F80850B00FECFA5 /* NoneObject.cpp in Sources */,
				6098E60A1F80850B00FECFA5 /* OffsetObject.cpp in Sources */,
				6098E60B1F80850B00FECFA5 /* AnimationObject.cpp in Sources */,
				6098E60C1F80850B00FECFA5 /* Player.cpp in Sources */,
				6098E60D1F80850B00FECFA5 /* Bullet.cpp in Sources */,
				6098E60E1F80850B00FECFA5 /* Crab.cpp in Sources */,
				6098E60F1F80850B00FECFA5 /* Flyer.cpp in Sources */,
				6098E6101F80850B00FECFA5 /* Jumper.cpp in Sources */,
				6098E6111F80850B00FECFA5 /* Ghost.cpp in Sources */,
				6098E6121F80850B00FECFA5 /* Ball.cpp in Sources */,
				6098E6131F80850B00FECFA5 /* Boss.cpp in Sources */,
				6098E6141F80850B00FECFA5 /* BossBullet.cpp in Sources */,
				6098E6151F80850B00FECFA5 /* BossCore.cpp in Sources */,
				6098E6161F80850B00FECFA5 /* BossDeathBite.cpp in Sources */,
				6098E6171F80850B00FECFA5 /* BossDeathWall.cpp in Sources */,
				6098E6181F80850B00FECFA5 /* Orb.cpp in Sources */,
				6098E6191F80850B00FECFA5 /* Item.cpp in Sources */,
				6098E61A1F80850B00FECFA5 /* AIObject.cpp in Sources */,
				6098E61B1F80850B00FECFA5 /* Block.cpp in Sources */,
				6098E61C1F80850B00FECFA5 /* UIObject.cpp in Sources */,
				6098E61D1F80850B00FECFA5 /* Score.cpp in Sources */,
				6098E61E1F80850B00FECFA5 /* CheckPoint.cpp in Sources */,
				6098E61F1F80850B00FECFA5 /* GameObject.cpp in Sources */,
				6098E6201F80850B00FECFA5 /* SceneManager.cpp in Sources */,
				6098E6211F80850B00FECFA5 /* TiledMap.cpp in Sources */,
				6098E6221F80850B00FECFA5 /* Scene.cpp in Sources */,
				6098E6231F80850B00FECFA5 /* Scene00.cpp in Sources */,
				6098E6241F80850B00FECFA5 /* Scene01.cpp in Sources */,
				6098E6251F80850B00FECFA5 /* Scene02.cpp in Sources */,
				6098E6261F80850B00FECFA5 /* Scene03.cpp in Sources */,
				6098E6271F80850B00FECFA5 /* Scene04.cpp in Sources */,
				6098E6281F80850B00FECFA5 /* Scene05.cpp in Sources */,
				6098E6291F80850B00FECFA5 /* Scene06.cpp in Sources */,
				6098E62A1F80850B00FECFA5 /* Scene07.cpp in Sources */,
				6098E62B1F80850B00FECFA5 /* Scene08.cpp in Sources */,
				6098E62C1F80850B00FECFA5 /* Scene09.cpp in Sources */,
				6098E62D1F80850B00FECFA5 /* Scene10.cpp in Sources */,
				6098E62E1F80850B00FECFA5 /* Scene11.cpp in Sources */,
				6098E62F1F80850B00FECFA5 /* Scene12.cpp in Sources */,
				6098E6301F80850B00FECFA5 /* Scene13.cpp in Sources */,
				6098E6311F80850B00FECFA5 /* Scene14.cpp in Sources */,
				6098E6321F80850B00FECFA5 /* Scene15.cpp in Sources */,
				6098E6331F80850B00FECFA5 /* Scene16.cpp in Sources */,
				6098E6341F80850B00FECFA5 /* Scene17.cpp in Sources */,
				6098E6351F80850B00FECFA5 /* Scene18.cpp in Sources */,
				6098E6361F80850B00FECFA5 /* Scene19.cpp in Sources */,
				6098E6371F80850B00FECFA5 /* Scene20.cpp in Sources */,
				6098E6381F80850B00FECFA5 /* Scene21.cpp in Sources */,
				6098E6391F80850B00FECFA5 /* Scene22.cpp in Sources */,
				6098E63A1F80850B00FECFA5 /* Scene23.cpp in Sources */,
				6098E63B1F80850B00FECFA5 /* SceneGameOver.cpp in Sources */,
				6098E63C1F80850B00FECFA5 /* SceneTitle.cpp in Sources */,
				6098E63D1F80850B00FECFA5 /* main.cpp in Sources */,
			);
			runOnlyForDeploymentPostprocessing = 0;
		};
/* End PBXSourcesBuildPhase section */

/* Begin PBXVariantGroup section */
		6098E6621F809E5500FECFA5 /* MainMenu.xib */ = {
			isa = PBXVariantGroup;
			children = (
				6098E6631F809E5500FECFA5 /* Base */,
			);
			name = MainMenu.xib;
			sourceTree = "<group>";
		};
/* End PBXVariantGroup section */

/* Begin XCBuildConfiguration section */
		6098E5F01F8084D100FECFA5 /* Debug */ = {
			isa = XCBuildConfiguration;
			buildSettings = {
				ALWAYS_SEARCH_USER_PATHS = NO;
				ASSETCATALOG_COMPILER_APPICON_NAME = AppIcon;
				CLANG_CXX_LANGUAGE_STANDARD = "gnu++14";
				CLANG_WARN_BLOCK_CAPTURE_AUTORELEASING = YES;
				CLANG_WARN_COMMA = YES;
				CLANG_WARN_NON_LITERAL_NULL_CONVERSION = YES;
				CLANG_WARN_OBJC_LITERAL_CONVERSION = YES;
				CLANG_WARN_RANGE_LOOP_ANALYSIS = YES;
				CLANG_WARN_STRICT_PROTOTYPES = YES;
				CLANG_WARN_UNGUARDED_AVAILABILITY = YES_AGGRESSIVE;
				CODE_SIGN_ENTITLEMENTS = "Last Planet/Last Planet.entitlements";
				CODE_SIGN_IDENTITY = "Mac Developer";
				CODE_SIGN_STYLE = Automatic;
				COMBINE_HIDPI_IMAGES = YES;
				DEVELOPMENT_TEAM = 4M5A36G82A;
				GCC_C_LANGUAGE_STANDARD = gnu11;
				HEADER_SEARCH_PATHS = (
					/usr/local/include,
					"$(PROJECT_DIR)/vania-OpenGL/Libraries/irrKlang/include",
				);
				INFOPLIST_FILE = "Last Planet/Info.plist";
				LD_RUNPATH_SEARCH_PATHS = "$(inherited) @executable_path/../Frameworks/";
				LIBRARY_SEARCH_PATHS = (
					"$(inherited)",
					/usr/local/Cellar/glew/2.0.0/lib,
					/usr/local/Cellar/glfw/3.2.1/lib,
					"$(PROJECT_DIR)/vania-OpenGL/Libraries/irrKlang/lib",
					"$(PROJECT_DIR)/vania-OpenGL/Libraries/OpenGL",
				);
				OTHER_LDFLAGS = (
					"./vania-OpenGL/Libraries/irrKlang/lib/libirrklang.dylib",
					"./vania-OpenGL/Libraries/OpenGL/libGLEW.2.0.0.dylib",
					"./vania-OpenGL/Libraries/OpenGL/libglfw.3.2.dylib",
				);
				PRODUCT_BUNDLE_IDENTIFIER = "haijian.Last-Planet";
				PRODUCT_NAME = "$(TARGET_NAME)";
				SWIFT_ACTIVE_COMPILATION_CONDITIONS = DEBUG;
				SWIFT_OPTIMIZATION_LEVEL = "-Onone";
				SWIFT_VERSION = 4.0;
			};
			name = Debug;
		};
		6098E5F11F8084D100FECFA5 /* Release */ = {
			isa = XCBuildConfiguration;
			buildSettings = {
				ALWAYS_SEARCH_USER_PATHS = NO;
				ASSETCATALOG_COMPILER_APPICON_NAME = AppIcon;
				CLANG_CXX_LANGUAGE_STANDARD = "gnu++14";
				CLANG_WARN_BLOCK_CAPTURE_AUTORELEASING = YES;
				CLANG_WARN_COMMA = YES;
				CLANG_WARN_NON_LITERAL_NULL_CONVERSION = YES;
				CLANG_WARN_OBJC_LITERAL_CONVERSION = YES;
				CLANG_WARN_RANGE_LOOP_ANALYSIS = YES;
				CLANG_WARN_STRICT_PROTOTYPES = YES;
				CLANG_WARN_UNGUARDED_AVAILABILITY = YES_AGGRESSIVE;
				CODE_SIGN_ENTITLEMENTS = "Last Planet/Last Planet.entitlements";
				CODE_SIGN_IDENTITY = "Mac Developer";
				CODE_SIGN_STYLE = Automatic;
				COMBINE_HIDPI_IMAGES = YES;
				DEVELOPMENT_TEAM = 4M5A36G82A;
				GCC_C_LANGUAGE_STANDARD = gnu11;
				HEADER_SEARCH_PATHS = (
					/usr/local/include,
					"$(PROJECT_DIR)/vania-OpenGL/Libraries/irrKlang/include",
				);
				INFOPLIST_FILE = "Last Planet/Info.plist";
				LD_RUNPATH_SEARCH_PATHS = "$(inherited) @executable_path/../Frameworks/";
				LIBRARY_SEARCH_PATHS = (
					"$(inherited)",
					/usr/local/Cellar/glew/2.0.0/lib,
					/usr/local/Cellar/glfw/3.2.1/lib,
					"$(PROJECT_DIR)/vania-OpenGL/Libraries/irrKlang/lib",
					"$(PROJECT_DIR)/vania-OpenGL/Libraries/OpenGL",
				);
				OTHER_LDFLAGS = (
					"./vania-OpenGL/Libraries/irrKlang/lib/libirrklang.dylib",
					"./vania-OpenGL/Libraries/OpenGL/libGLEW.2.0.0.dylib",
					"./vania-OpenGL/Libraries/OpenGL/libglfw.3.2.dylib",
				);
				PRODUCT_BUNDLE_IDENTIFIER = "haijian.Last-Planet";
				PRODUCT_NAME = "$(TARGET_NAME)";
				SWIFT_OPTIMIZATION_LEVEL = "-Owholemodule";
				SWIFT_VERSION = 4.0;
			};
			name = Release;
		};
		60B425431F64D7E600BEE84C /* Debug */ = {
			isa = XCBuildConfiguration;
			buildSettings = {
				ALWAYS_SEARCH_USER_PATHS = NO;
				CLANG_ANALYZER_NONNULL = YES;
				CLANG_ANALYZER_NUMBER_OBJECT_CONVERSION = YES_AGGRESSIVE;
				CLANG_CXX_LANGUAGE_STANDARD = "gnu++0x";
				CLANG_CXX_LIBRARY = "libc++";
				CLANG_ENABLE_MODULES = YES;
				CLANG_ENABLE_OBJC_ARC = YES;
				CLANG_WARN_BOOL_CONVERSION = YES;
				CLANG_WARN_CONSTANT_CONVERSION = YES;
				CLANG_WARN_DIRECT_OBJC_ISA_USAGE = YES_ERROR;
				CLANG_WARN_DOCUMENTATION_COMMENTS = YES;
				CLANG_WARN_EMPTY_BODY = YES;
				CLANG_WARN_ENUM_CONVERSION = YES;
				CLANG_WARN_INFINITE_RECURSION = YES;
				CLANG_WARN_INT_CONVERSION = YES;
				CLANG_WARN_OBJC_ROOT_CLASS = YES_ERROR;
				CLANG_WARN_SUSPICIOUS_MOVE = YES;
				CLANG_WARN_UNREACHABLE_CODE = YES;
				CLANG_WARN__DUPLICATE_METHOD_MATCH = YES;
				CODE_SIGN_IDENTITY = "-";
				COPY_PHASE_STRIP = NO;
				DEBUG_INFORMATION_FORMAT = dwarf;
				ENABLE_STRICT_OBJC_MSGSEND = YES;
				ENABLE_TESTABILITY = YES;
				GCC_C_LANGUAGE_STANDARD = gnu99;
				GCC_DYNAMIC_NO_PIC = NO;
				GCC_NO_COMMON_BLOCKS = YES;
				GCC_OPTIMIZATION_LEVEL = 0;
				GCC_PREPROCESSOR_DEFINITIONS = (
					"DEBUG=1",
					"$(inherited)",
				);
				GCC_WARN_64_TO_32_BIT_CONVERSION = YES;
				GCC_WARN_ABOUT_RETURN_TYPE = YES_ERROR;
				GCC_WARN_UNDECLARED_SELECTOR = YES;
				GCC_WARN_UNINITIALIZED_AUTOS = YES_AGGRESSIVE;
				GCC_WARN_UNUSED_FUNCTION = YES;
				GCC_WARN_UNUSED_VARIABLE = YES;
				MACOSX_DEPLOYMENT_TARGET = 10.12;
				MTL_ENABLE_DEBUG_INFO = YES;
				ONLY_ACTIVE_ARCH = YES;
				SDKROOT = macosx;
			};
			name = Debug;
		};
		60B425441F64D7E600BEE84C /* Release */ = {
			isa = XCBuildConfiguration;
			buildSettings = {
				ALWAYS_SEARCH_USER_PATHS = NO;
				CLANG_ANALYZER_NONNULL = YES;
				CLANG_ANALYZER_NUMBER_OBJECT_CONVERSION = YES_AGGRESSIVE;
				CLANG_CXX_LANGUAGE_STANDARD = "gnu++0x";
				CLANG_CXX_LIBRARY = "libc++";
				CLANG_ENABLE_MODULES = YES;
				CLANG_ENABLE_OBJC_ARC = YES;
				CLANG_WARN_BOOL_CONVERSION = YES;
				CLANG_WARN_CONSTANT_CONVERSION = YES;
				CLANG_WARN_DIRECT_OBJC_ISA_USAGE = YES_ERROR;
				CLANG_WARN_DOCUMENTATION_COMMENTS = YES;
				CLANG_WARN_EMPTY_BODY = YES;
				CLANG_WARN_ENUM_CONVERSION = YES;
				CLANG_WARN_INFINITE_RECURSION = YES;
				CLANG_WARN_INT_CONVERSION = YES;
				CLANG_WARN_OBJC_ROOT_CLASS = YES_ERROR;
				CLANG_WARN_SUSPICIOUS_MOVE = YES;
				CLANG_WARN_UNREACHABLE_CODE = YES;
				CLANG_WARN__DUPLICATE_METHOD_MATCH = YES;
				CODE_SIGN_IDENTITY = "-";
				COPY_PHASE_STRIP = NO;
				DEBUG_INFORMATION_FORMAT = "dwarf-with-dsym";
				ENABLE_NS_ASSERTIONS = NO;
				ENABLE_STRICT_OBJC_MSGSEND = YES;
				GCC_C_LANGUAGE_STANDARD = gnu99;
				GCC_NO_COMMON_BLOCKS = YES;
				GCC_WARN_64_TO_32_BIT_CONVERSION = YES;
				GCC_WARN_ABOUT_RETURN_TYPE = YES_ERROR;
				GCC_WARN_UNDECLARED_SELECTOR = YES;
				GCC_WARN_UNINITIALIZED_AUTOS = YES_AGGRESSIVE;
				GCC_WARN_UNUSED_FUNCTION = YES;
				GCC_WARN_UNUSED_VARIABLE = YES;
				MACOSX_DEPLOYMENT_TARGET = 10.12;
				MTL_ENABLE_DEBUG_INFO = NO;
				SDKROOT = macosx;
			};
			name = Release;
		};
/* End XCBuildConfiguration section */

/* Begin XCConfigurationList section */
		6098E5F21F8084D100FECFA5 /* Build configuration list for PBXNativeTarget "Last Planet" */ = {
			isa = XCConfigurationList;
			buildConfigurations = (
				6098E5F01F8084D100FECFA5 /* Debug */,
				6098E5F11F8084D100FECFA5 /* Release */,
			);
			defaultConfigurationIsVisible = 0;
			defaultConfigurationName = Release;
		};
		60B425391F64D7E600BEE84C /* Build configuration list for PBXProject "vania-OpenGL" */ = {
			isa = XCConfigurationList;
			buildConfigurations = (
				60B425431F64D7E600BEE84C /* Debug */,
				60B425441F64D7E600BEE84C /* Release */,
			);
			defaultConfigurationIsVisible = 0;
			defaultConfigurationName = Release;
		};
/* End XCConfigurationList section */
	};
	rootObject = 60B425361F64D7E600BEE84C /* Project object */;
}
